
Microsoft Visual Studio Solution File, Format Version 12.00
# Visual Studio 15
VisualStudioVersion = 15.0.28010.2041
MinimumVisualStudioVersion = 10.0.40219.1
Project("{FAE04EC0-301F-11D3-BF4B-00C04F79EFBC}") = "sparkvial_app.Android", "sparkvial_app\sparkvial_app.Android\sparkvial_app.Android.csproj", "{647E8373-6786-4547-A74F-95934FBC6F11}"
EndProject
Project("{FAE04EC0-301F-11D3-BF4B-00C04F79EFBC}") = "sparkvial_app.iOS", "sparkvial_app\sparkvial_app.iOS\sparkvial_app.iOS.csproj", "{0B669CCE-325A-4AF9-A904-14ACEF240536}"
EndProject
Project("{FAE04EC0-301F-11D3-BF4B-00C04F79EFBC}") = "sparkvial_app.UWP", "sparkvial_app\sparkvial_app.UWP\sparkvial_app.UWP.csproj", "{E73CD38E-BC08-467A-A390-5AE9D8504B65}"
EndProject
Project("{9A19103F-16F7-4668-BE54-9A1E7A4F7556}") = "sparkvial_app", "sparkvial_app\sparkvial_app\sparkvial_app.csproj", "{AECD87D8-FC73-4B9F-B2C9-B0ADD2349546}"
EndProject
Project("{FAE04EC0-301F-11D3-BF4B-00C04F79EFBC}") = "sparkvial_cli", "sparkvial_cli\sparkvial_cli.csproj", "{D92C7366-693D-483C-9729-20479EFE2826}"
EndProject
Project("{FAE04EC0-301F-11D3-BF4B-00C04F79EFBC}") = "libsv", "libsv\libsv.csproj", "{A8641768-F82B-4A39-8D20-CF96ECA925DB}"
EndProject
Global
	GlobalSection(SolutionConfigurationPlatforms) = preSolution
		Ad-Hoc|Any CPU = Ad-Hoc|Any CPU
		Ad-Hoc|ARM = Ad-Hoc|ARM
		Ad-Hoc|iPhone = Ad-Hoc|iPhone
		Ad-Hoc|iPhoneSimulator = Ad-Hoc|iPhoneSimulator
		Ad-Hoc|x64 = Ad-Hoc|x64
		Ad-Hoc|x86 = Ad-Hoc|x86
		AppStore|Any CPU = AppStore|Any CPU
		AppStore|ARM = AppStore|ARM
		AppStore|iPhone = AppStore|iPhone
		AppStore|iPhoneSimulator = AppStore|iPhoneSimulator
		AppStore|x64 = AppStore|x64
		AppStore|x86 = AppStore|x86
		Debug|Any CPU = Debug|Any CPU
		Debug|ARM = Debug|ARM
		Debug|iPhone = Debug|iPhone
		Debug|iPhoneSimulator = Debug|iPhoneSimulator
		Debug|x64 = Debug|x64
		Debug|x86 = Debug|x86
		Release|Any CPU = Release|Any CPU
		Release|ARM = Release|ARM
		Release|iPhone = Release|iPhone
		Release|iPhoneSimulator = Release|iPhoneSimulator
		Release|x64 = Release|x64
		Release|x86 = Release|x86
	EndGlobalSection
	GlobalSection(ProjectConfigurationPlatforms) = postSolution
		{647E8373-6786-4547-A74F-95934FBC6F11}.Ad-Hoc|Any CPU.ActiveCfg = Release|Any CPU
		{647E8373-6786-4547-A74F-95934FBC6F11}.Ad-Hoc|Any CPU.Build.0 = Release|Any CPU
		{647E8373-6786-4547-A74F-95934FBC6F11}.Ad-Hoc|Any CPU.Deploy.0 = Release|Any CPU
		{647E8373-6786-4547-A74F-95934FBC6F11}.Ad-Hoc|ARM.ActiveCfg = Release|Any CPU
		{647E8373-6786-4547-A74F-95934FBC6F11}.Ad-Hoc|ARM.Build.0 = Release|Any CPU
		{647E8373-6786-4547-A74F-95934FBC6F11}.Ad-Hoc|ARM.Deploy.0 = Release|Any CPU
		{647E8373-6786-4547-A74F-95934FBC6F11}.Ad-Hoc|iPhone.ActiveCfg = Release|Any CPU
		{647E8373-6786-4547-A74F-95934FBC6F11}.Ad-Hoc|iPhone.Build.0 = Release|Any CPU
		{647E8373-6786-4547-A74F-95934FBC6F11}.Ad-Hoc|iPhone.Deploy.0 = Release|Any CPU
		{647E8373-6786-4547-A74F-95934FBC6F11}.Ad-Hoc|iPhoneSimulator.ActiveCfg = Release|Any CPU
		{647E8373-6786-4547-A74F-95934FBC6F11}.Ad-Hoc|iPhoneSimulator.Build.0 = Release|Any CPU
		{647E8373-6786-4547-A74F-95934FBC6F11}.Ad-Hoc|iPhoneSimulator.Deploy.0 = Release|Any CPU
		{647E8373-6786-4547-A74F-95934FBC6F11}.Ad-Hoc|x64.ActiveCfg = Release|Any CPU
		{647E8373-6786-4547-A74F-95934FBC6F11}.Ad-Hoc|x64.Build.0 = Release|Any CPU
		{647E8373-6786-4547-A74F-95934FBC6F11}.Ad-Hoc|x64.Deploy.0 = Release|Any CPU
		{647E8373-6786-4547-A74F-95934FBC6F11}.Ad-Hoc|x86.ActiveCfg = Release|Any CPU
		{647E8373-6786-4547-A74F-95934FBC6F11}.Ad-Hoc|x86.Build.0 = Release|Any CPU
		{647E8373-6786-4547-A74F-95934FBC6F11}.Ad-Hoc|x86.Deploy.0 = Release|Any CPU
		{647E8373-6786-4547-A74F-95934FBC6F11}.AppStore|Any CPU.ActiveCfg = Release|Any CPU
		{647E8373-6786-4547-A74F-95934FBC6F11}.AppStore|Any CPU.Build.0 = Release|Any CPU
		{647E8373-6786-4547-A74F-95934FBC6F11}.AppStore|Any CPU.Deploy.0 = Release|Any CPU
		{647E8373-6786-4547-A74F-95934FBC6F11}.AppStore|ARM.ActiveCfg = Release|Any CPU
		{647E8373-6786-4547-A74F-95934FBC6F11}.AppStore|ARM.Build.0 = Release|Any CPU
		{647E8373-6786-4547-A74F-95934FBC6F11}.AppStore|ARM.Deploy.0 = Release|Any CPU
		{647E8373-6786-4547-A74F-95934FBC6F11}.AppStore|iPhone.ActiveCfg = Release|Any CPU
		{647E8373-6786-4547-A74F-95934FBC6F11}.AppStore|iPhone.Build.0 = Release|Any CPU
		{647E8373-6786-4547-A74F-95934FBC6F11}.AppStore|iPhone.Deploy.0 = Release|Any CPU
		{647E8373-6786-4547-A74F-95934FBC6F11}.AppStore|iPhoneSimulator.ActiveCfg = Release|Any CPU
		{647E8373-6786-4547-A74F-95934FBC6F11}.AppStore|iPhoneSimulator.Build.0 = Release|Any CPU
		{647E8373-6786-4547-A74F-95934FBC6F11}.AppStore|iPhoneSimulator.Deploy.0 = Release|Any CPU
		{647E8373-6786-4547-A74F-95934FBC6F11}.AppStore|x64.ActiveCfg = Release|Any CPU
		{647E8373-6786-4547-A74F-95934FBC6F11}.AppStore|x64.Build.0 = Release|Any CPU
		{647E8373-6786-4547-A74F-95934FBC6F11}.AppStore|x64.Deploy.0 = Release|Any CPU
		{647E8373-6786-4547-A74F-95934FBC6F11}.AppStore|x86.ActiveCfg = Release|Any CPU
		{647E8373-6786-4547-A74F-95934FBC6F11}.AppStore|x86.Build.0 = Release|Any CPU
		{647E8373-6786-4547-A74F-95934FBC6F11}.AppStore|x86.Deploy.0 = Release|Any CPU
		{647E8373-6786-4547-A74F-95934FBC6F11}.Debug|Any CPU.ActiveCfg = Debug|Any CPU
		{647E8373-6786-4547-A74F-95934FBC6F11}.Debug|Any CPU.Build.0 = Debug|Any CPU
		{647E8373-6786-4547-A74F-95934FBC6F11}.Debug|Any CPU.Deploy.0 = Debug|Any CPU
		{647E8373-6786-4547-A74F-95934FBC6F11}.Debug|ARM.ActiveCfg = Debug|Any CPU
		{647E8373-6786-4547-A74F-95934FBC6F11}.Debug|ARM.Build.0 = Debug|Any CPU
		{647E8373-6786-4547-A74F-95934FBC6F11}.Debug|ARM.Deploy.0 = Debug|Any CPU
		{647E8373-6786-4547-A74F-95934FBC6F11}.Debug|iPhone.ActiveCfg = Debug|Any CPU
		{647E8373-6786-4547-A74F-95934FBC6F11}.Debug|iPhone.Build.0 = Debug|Any CPU
		{647E8373-6786-4547-A74F-95934FBC6F11}.Debug|iPhone.Deploy.0 = Debug|Any CPU
		{647E8373-6786-4547-A74F-95934FBC6F11}.Debug|iPhoneSimulator.ActiveCfg = Debug|Any CPU
		{647E8373-6786-4547-A74F-95934FBC6F11}.Debug|iPhoneSimulator.Build.0 = Debug|Any CPU
		{647E8373-6786-4547-A74F-95934FBC6F11}.Debug|iPhoneSimulator.Deploy.0 = Debug|Any CPU
		{647E8373-6786-4547-A74F-95934FBC6F11}.Debug|x64.ActiveCfg = Debug|Any CPU
		{647E8373-6786-4547-A74F-95934FBC6F11}.Debug|x64.Build.0 = Debug|Any CPU
		{647E8373-6786-4547-A74F-95934FBC6F11}.Debug|x64.Deploy.0 = Debug|Any CPU
		{647E8373-6786-4547-A74F-95934FBC6F11}.Debug|x86.ActiveCfg = Debug|Any CPU
		{647E8373-6786-4547-A74F-95934FBC6F11}.Debug|x86.Build.0 = Debug|Any CPU
		{647E8373-6786-4547-A74F-95934FBC6F11}.Debug|x86.Deploy.0 = Debug|Any CPU
		{647E8373-6786-4547-A74F-95934FBC6F11}.Release|Any CPU.ActiveCfg = Release|Any CPU
		{647E8373-6786-4547-A74F-95934FBC6F11}.Release|Any CPU.Build.0 = Release|Any CPU
		{647E8373-6786-4547-A74F-95934FBC6F11}.Release|Any CPU.Deploy.0 = Release|Any CPU
		{647E8373-6786-4547-A74F-95934FBC6F11}.Release|ARM.ActiveCfg = Release|Any CPU
		{647E8373-6786-4547-A74F-95934FBC6F11}.Release|ARM.Build.0 = Release|Any CPU
		{647E8373-6786-4547-A74F-95934FBC6F11}.Release|ARM.Deploy.0 = Release|Any CPU
		{647E8373-6786-4547-A74F-95934FBC6F11}.Release|iPhone.ActiveCfg = Release|Any CPU
		{647E8373-6786-4547-A74F-95934FBC6F11}.Release|iPhone.Build.0 = Release|Any CPU
		{647E8373-6786-4547-A74F-95934FBC6F11}.Release|iPhone.Deploy.0 = Release|Any CPU
		{647E8373-6786-4547-A74F-95934FBC6F11}.Release|iPhoneSimulator.ActiveCfg = Release|Any CPU
		{647E8373-6786-4547-A74F-95934FBC6F11}.Release|iPhoneSimulator.Build.0 = Release|Any CPU
		{647E8373-6786-4547-A74F-95934FBC6F11}.Release|iPhoneSimulator.Deploy.0 = Release|Any CPU
		{647E8373-6786-4547-A74F-95934FBC6F11}.Release|x64.ActiveCfg = Release|Any CPU
		{647E8373-6786-4547-A74F-95934FBC6F11}.Release|x64.Build.0 = Release|Any CPU
		{647E8373-6786-4547-A74F-95934FBC6F11}.Release|x64.Deploy.0 = Release|Any CPU
		{647E8373-6786-4547-A74F-95934FBC6F11}.Release|x86.ActiveCfg = Release|Any CPU
		{647E8373-6786-4547-A74F-95934FBC6F11}.Release|x86.Build.0 = Release|Any CPU
		{647E8373-6786-4547-A74F-95934FBC6F11}.Release|x86.Deploy.0 = Release|Any CPU
		{0B669CCE-325A-4AF9-A904-14ACEF240536}.Ad-Hoc|Any CPU.ActiveCfg = Ad-Hoc|iPhone
		{0B669CCE-325A-4AF9-A904-14ACEF240536}.Ad-Hoc|Any CPU.Build.0 = Ad-Hoc|iPhone
		{0B669CCE-325A-4AF9-A904-14ACEF240536}.Ad-Hoc|Any CPU.Deploy.0 = Ad-Hoc|iPhone
		{0B669CCE-325A-4AF9-A904-14ACEF240536}.Ad-Hoc|ARM.ActiveCfg = Ad-Hoc|iPhone
		{0B669CCE-325A-4AF9-A904-14ACEF240536}.Ad-Hoc|ARM.Build.0 = Ad-Hoc|iPhone
		{0B669CCE-325A-4AF9-A904-14ACEF240536}.Ad-Hoc|ARM.Deploy.0 = Ad-Hoc|iPhone
		{0B669CCE-325A-4AF9-A904-14ACEF240536}.Ad-Hoc|iPhone.ActiveCfg = Ad-Hoc|iPhone
		{0B669CCE-325A-4AF9-A904-14ACEF240536}.Ad-Hoc|iPhone.Build.0 = Ad-Hoc|iPhone
		{0B669CCE-325A-4AF9-A904-14ACEF240536}.Ad-Hoc|iPhone.Deploy.0 = Ad-Hoc|iPhone
		{0B669CCE-325A-4AF9-A904-14ACEF240536}.Ad-Hoc|iPhoneSimulator.ActiveCfg = Ad-Hoc|iPhoneSimulator
		{0B669CCE-325A-4AF9-A904-14ACEF240536}.Ad-Hoc|iPhoneSimulator.Build.0 = Ad-Hoc|iPhoneSimulator
		{0B669CCE-325A-4AF9-A904-14ACEF240536}.Ad-Hoc|iPhoneSimulator.Deploy.0 = Ad-Hoc|iPhoneSimulator
		{0B669CCE-325A-4AF9-A904-14ACEF240536}.Ad-Hoc|x64.ActiveCfg = Ad-Hoc|iPhone
		{0B669CCE-325A-4AF9-A904-14ACEF240536}.Ad-Hoc|x64.Build.0 = Ad-Hoc|iPhone
		{0B669CCE-325A-4AF9-A904-14ACEF240536}.Ad-Hoc|x64.Deploy.0 = Ad-Hoc|iPhone
		{0B669CCE-325A-4AF9-A904-14ACEF240536}.Ad-Hoc|x86.ActiveCfg = Ad-Hoc|iPhone
		{0B669CCE-325A-4AF9-A904-14ACEF240536}.Ad-Hoc|x86.Build.0 = Ad-Hoc|iPhone
		{0B669CCE-325A-4AF9-A904-14ACEF240536}.Ad-Hoc|x86.Deploy.0 = Ad-Hoc|iPhone
		{0B669CCE-325A-4AF9-A904-14ACEF240536}.AppStore|Any CPU.ActiveCfg = AppStore|iPhone
		{0B669CCE-325A-4AF9-A904-14ACEF240536}.AppStore|Any CPU.Build.0 = AppStore|iPhone
		{0B669CCE-325A-4AF9-A904-14ACEF240536}.AppStore|Any CPU.Deploy.0 = AppStore|iPhone
		{0B669CCE-325A-4AF9-A904-14ACEF240536}.AppStore|ARM.ActiveCfg = AppStore|iPhone
		{0B669CCE-325A-4AF9-A904-14ACEF240536}.AppStore|ARM.Build.0 = AppStore|iPhone
		{0B669CCE-325A-4AF9-A904-14ACEF240536}.AppStore|ARM.Deploy.0 = AppStore|iPhone
		{0B669CCE-325A-4AF9-A904-14ACEF240536}.AppStore|iPhone.ActiveCfg = AppStore|iPhone
		{0B669CCE-325A-4AF9-A904-14ACEF240536}.AppStore|iPhone.Build.0 = AppStore|iPhone
		{0B669CCE-325A-4AF9-A904-14ACEF240536}.AppStore|iPhone.Deploy.0 = AppStore|iPhone
		{0B669CCE-325A-4AF9-A904-14ACEF240536}.AppStore|iPhoneSimulator.ActiveCfg = AppStore|iPhoneSimulator
		{0B669CCE-325A-4AF9-A904-14ACEF240536}.AppStore|iPhoneSimulator.Build.0 = AppStore|iPhoneSimulator
		{0B669CCE-325A-4AF9-A904-14ACEF240536}.AppStore|iPhoneSimulator.Deploy.0 = AppStore|iPhoneSimulator
		{0B669CCE-325A-4AF9-A904-14ACEF240536}.AppStore|x64.ActiveCfg = AppStore|iPhone
		{0B669CCE-325A-4AF9-A904-14ACEF240536}.AppStore|x64.Build.0 = AppStore|iPhone
		{0B669CCE-325A-4AF9-A904-14ACEF240536}.AppStore|x64.Deploy.0 = AppStore|iPhone
		{0B669CCE-325A-4AF9-A904-14ACEF240536}.AppStore|x86.ActiveCfg = AppStore|iPhone
		{0B669CCE-325A-4AF9-A904-14ACEF240536}.AppStore|x86.Build.0 = AppStore|iPhone
		{0B669CCE-325A-4AF9-A904-14ACEF240536}.AppStore|x86.Deploy.0 = AppStore|iPhone
		{0B669CCE-325A-4AF9-A904-14ACEF240536}.Debug|Any CPU.ActiveCfg = Debug|iPhoneSimulator
		{0B669CCE-325A-4AF9-A904-14ACEF240536}.Debug|Any CPU.Build.0 = Debug|iPhoneSimulator
		{0B669CCE-325A-4AF9-A904-14ACEF240536}.Debug|Any CPU.Deploy.0 = Debug|iPhoneSimulator
		{0B669CCE-325A-4AF9-A904-14ACEF240536}.Debug|ARM.ActiveCfg = Debug|iPhone
		{0B669CCE-325A-4AF9-A904-14ACEF240536}.Debug|ARM.Build.0 = Debug|iPhone
		{0B669CCE-325A-4AF9-A904-14ACEF240536}.Debug|ARM.Deploy.0 = Debug|iPhone
		{0B669CCE-325A-4AF9-A904-14ACEF240536}.Debug|iPhone.ActiveCfg = Debug|iPhone
		{0B669CCE-325A-4AF9-A904-14ACEF240536}.Debug|iPhone.Build.0 = Debug|iPhone
		{0B669CCE-325A-4AF9-A904-14ACEF240536}.Debug|iPhone.Deploy.0 = Debug|iPhone
		{0B669CCE-325A-4AF9-A904-14ACEF240536}.Debug|iPhoneSimulator.ActiveCfg = Debug|iPhoneSimulator
		{0B669CCE-325A-4AF9-A904-14ACEF240536}.Debug|iPhoneSimulator.Build.0 = Debug|iPhoneSimulator
		{0B669CCE-325A-4AF9-A904-14ACEF240536}.Debug|iPhoneSimulator.Deploy.0 = Debug|iPhoneSimulator
		{0B669CCE-325A-4AF9-A904-14ACEF240536}.Debug|x64.ActiveCfg = Debug|iPhone
		{0B669CCE-325A-4AF9-A904-14ACEF240536}.Debug|x64.Build.0 = Debug|iPhone
		{0B669CCE-325A-4AF9-A904-14ACEF240536}.Debug|x64.Deploy.0 = Debug|iPhone
		{0B669CCE-325A-4AF9-A904-14ACEF240536}.Debug|x86.ActiveCfg = Debug|iPhone
		{0B669CCE-325A-4AF9-A904-14ACEF240536}.Debug|x86.Build.0 = Debug|iPhone
		{0B669CCE-325A-4AF9-A904-14ACEF240536}.Debug|x86.Deploy.0 = Debug|iPhone
		{0B669CCE-325A-4AF9-A904-14ACEF240536}.Release|Any CPU.ActiveCfg = Release|iPhone
		{0B669CCE-325A-4AF9-A904-14ACEF240536}.Release|Any CPU.Build.0 = Release|iPhone
		{0B669CCE-325A-4AF9-A904-14ACEF240536}.Release|Any CPU.Deploy.0 = Release|iPhone
		{0B669CCE-325A-4AF9-A904-14ACEF240536}.Release|ARM.ActiveCfg = Release|iPhone
		{0B669CCE-325A-4AF9-A904-14ACEF240536}.Release|ARM.Build.0 = Release|iPhone
		{0B669CCE-325A-4AF9-A904-14ACEF240536}.Release|ARM.Deploy.0 = Release|iPhone
		{0B669CCE-325A-4AF9-A904-14ACEF240536}.Release|iPhone.ActiveCfg = Release|iPhone
		{0B669CCE-325A-4AF9-A904-14ACEF240536}.Release|iPhone.Build.0 = Release|iPhone
		{0B669CCE-325A-4AF9-A904-14ACEF240536}.Release|iPhone.Deploy.0 = Release|iPhone
		{0B669CCE-325A-4AF9-A904-14ACEF240536}.Release|iPhoneSimulator.ActiveCfg = Release|iPhoneSimulator
		{0B669CCE-325A-4AF9-A904-14ACEF240536}.Release|iPhoneSimulator.Build.0 = Release|iPhoneSimulator
		{0B669CCE-325A-4AF9-A904-14ACEF240536}.Release|iPhoneSimulator.Deploy.0 = Release|iPhoneSimulator
		{0B669CCE-325A-4AF9-A904-14ACEF240536}.Release|x64.ActiveCfg = Release|iPhone
		{0B669CCE-325A-4AF9-A904-14ACEF240536}.Release|x64.Build.0 = Release|iPhone
		{0B669CCE-325A-4AF9-A904-14ACEF240536}.Release|x64.Deploy.0 = Release|iPhone
		{0B669CCE-325A-4AF9-A904-14ACEF240536}.Release|x86.ActiveCfg = Release|iPhone
		{0B669CCE-325A-4AF9-A904-14ACEF240536}.Release|x86.Build.0 = Release|iPhone
		{0B669CCE-325A-4AF9-A904-14ACEF240536}.Release|x86.Deploy.0 = Release|iPhone
		{E73CD38E-BC08-467A-A390-5AE9D8504B65}.Ad-Hoc|Any CPU.ActiveCfg = Release|x86
		{E73CD38E-BC08-467A-A390-5AE9D8504B65}.Ad-Hoc|Any CPU.Build.0 = Release|x86
		{E73CD38E-BC08-467A-A390-5AE9D8504B65}.Ad-Hoc|Any CPU.Deploy.0 = Release|x86
		{E73CD38E-BC08-467A-A390-5AE9D8504B65}.Ad-Hoc|ARM.ActiveCfg = Release|ARM
		{E73CD38E-BC08-467A-A390-5AE9D8504B65}.Ad-Hoc|ARM.Build.0 = Release|ARM
		{E73CD38E-BC08-467A-A390-5AE9D8504B65}.Ad-Hoc|ARM.Deploy.0 = Release|ARM
		{E73CD38E-BC08-467A-A390-5AE9D8504B65}.Ad-Hoc|iPhone.ActiveCfg = Release|x86
		{E73CD38E-BC08-467A-A390-5AE9D8504B65}.Ad-Hoc|iPhone.Build.0 = Release|x86
		{E73CD38E-BC08-467A-A390-5AE9D8504B65}.Ad-Hoc|iPhone.Deploy.0 = Release|x86
		{E73CD38E-BC08-467A-A390-5AE9D8504B65}.Ad-Hoc|iPhoneSimulator.ActiveCfg = Release|x86
		{E73CD38E-BC08-467A-A390-5AE9D8504B65}.Ad-Hoc|iPhoneSimulator.Build.0 = Release|x86
		{E73CD38E-BC08-467A-A390-5AE9D8504B65}.Ad-Hoc|iPhoneSimulator.Deploy.0 = Release|x86
		{E73CD38E-BC08-467A-A390-5AE9D8504B65}.Ad-Hoc|x64.ActiveCfg = Release|x64
		{E73CD38E-BC08-467A-A390-5AE9D8504B65}.Ad-Hoc|x64.Build.0 = Release|x64
		{E73CD38E-BC08-467A-A390-5AE9D8504B65}.Ad-Hoc|x64.Deploy.0 = Release|x64
		{E73CD38E-BC08-467A-A390-5AE9D8504B65}.Ad-Hoc|x86.ActiveCfg = Release|x86
		{E73CD38E-BC08-467A-A390-5AE9D8504B65}.Ad-Hoc|x86.Build.0 = Release|x86
		{E73CD38E-BC08-467A-A390-5AE9D8504B65}.Ad-Hoc|x86.Deploy.0 = Release|x86
		{E73CD38E-BC08-467A-A390-5AE9D8504B65}.AppStore|Any CPU.ActiveCfg = Release|x86
		{E73CD38E-BC08-467A-A390-5AE9D8504B65}.AppStore|Any CPU.Build.0 = Release|x86
		{E73CD38E-BC08-467A-A390-5AE9D8504B65}.AppStore|Any CPU.Deploy.0 = Release|x86
		{E73CD38E-BC08-467A-A390-5AE9D8504B65}.AppStore|ARM.ActiveCfg = Release|ARM
		{E73CD38E-BC08-467A-A390-5AE9D8504B65}.AppStore|ARM.Build.0 = Release|ARM
		{E73CD38E-BC08-467A-A390-5AE9D8504B65}.AppStore|ARM.Deploy.0 = Release|ARM
		{E73CD38E-BC08-467A-A390-5AE9D8504B65}.AppStore|iPhone.ActiveCfg = Release|x86
		{E73CD38E-BC08-467A-A390-5AE9D8504B65}.AppStore|iPhone.Build.0 = Release|x86
		{E73CD38E-BC08-467A-A390-5AE9D8504B65}.AppStore|iPhone.Deploy.0 = Release|x86
		{E73CD38E-BC08-467A-A390-5AE9D8504B65}.AppStore|iPhoneSimulator.ActiveCfg = Release|x86
		{E73CD38E-BC08-467A-A390-5AE9D8504B65}.AppStore|iPhoneSimulator.Build.0 = Release|x86
		{E73CD38E-BC08-467A-A390-5AE9D8504B65}.AppStore|iPhoneSimulator.Deploy.0 = Release|x86
		{E73CD38E-BC08-467A-A390-5AE9D8504B65}.AppStore|x64.ActiveCfg = Release|x64
		{E73CD38E-BC08-467A-A390-5AE9D8504B65}.AppStore|x64.Build.0 = Release|x64
		{E73CD38E-BC08-467A-A390-5AE9D8504B65}.AppStore|x64.Deploy.0 = Release|x64
		{E73CD38E-BC08-467A-A390-5AE9D8504B65}.AppStore|x86.ActiveCfg = Release|x86
		{E73CD38E-BC08-467A-A390-5AE9D8504B65}.AppStore|x86.Build.0 = Release|x86
		{E73CD38E-BC08-467A-A390-5AE9D8504B65}.AppStore|x86.Deploy.0 = Release|x86
		{E73CD38E-BC08-467A-A390-5AE9D8504B65}.Debug|Any CPU.ActiveCfg = Debug|x64
		{E73CD38E-BC08-467A-A390-5AE9D8504B65}.Debug|Any CPU.Build.0 = Debug|x64
		{E73CD38E-BC08-467A-A390-5AE9D8504B65}.Debug|Any CPU.Deploy.0 = Debug|x64
		{E73CD38E-BC08-467A-A390-5AE9D8504B65}.Debug|ARM.ActiveCfg = Debug|ARM
		{E73CD38E-BC08-467A-A390-5AE9D8504B65}.Debug|ARM.Build.0 = Debug|ARM
		{E73CD38E-BC08-467A-A390-5AE9D8504B65}.Debug|ARM.Deploy.0 = Debug|ARM
		{E73CD38E-BC08-467A-A390-5AE9D8504B65}.Debug|iPhone.ActiveCfg = Debug|x86
		{E73CD38E-BC08-467A-A390-5AE9D8504B65}.Debug|iPhone.Build.0 = Debug|x86
		{E73CD38E-BC08-467A-A390-5AE9D8504B65}.Debug|iPhone.Deploy.0 = Debug|x86
		{E73CD38E-BC08-467A-A390-5AE9D8504B65}.Debug|iPhoneSimulator.ActiveCfg = Debug|x86
		{E73CD38E-BC08-467A-A390-5AE9D8504B65}.Debug|iPhoneSimulator.Build.0 = Debug|x86
		{E73CD38E-BC08-467A-A390-5AE9D8504B65}.Debug|iPhoneSimulator.Deploy.0 = Debug|x86
		{E73CD38E-BC08-467A-A390-5AE9D8504B65}.Debug|x64.ActiveCfg = Debug|x64
		{E73CD38E-BC08-467A-A390-5AE9D8504B65}.Debug|x64.Build.0 = Debug|x64
		{E73CD38E-BC08-467A-A390-5AE9D8504B65}.Debug|x64.Deploy.0 = Debug|x64
		{E73CD38E-BC08-467A-A390-5AE9D8504B65}.Debug|x86.ActiveCfg = Debug|x86
		{E73CD38E-BC08-467A-A390-5AE9D8504B65}.Debug|x86.Build.0 = Debug|x86
		{E73CD38E-BC08-467A-A390-5AE9D8504B65}.Debug|x86.Deploy.0 = Debug|x86
		{E73CD38E-BC08-467A-A390-5AE9D8504B65}.Release|Any CPU.ActiveCfg = Release|x86
		{E73CD38E-BC08-467A-A390-5AE9D8504B65}.Release|Any CPU.Build.0 = Release|x86
		{E73CD38E-BC08-467A-A390-5AE9D8504B65}.Release|Any CPU.Deploy.0 = Release|x86
		{E73CD38E-BC08-467A-A390-5AE9D8504B65}.Release|ARM.ActiveCfg = Release|ARM
		{E73CD38E-BC08-467A-A390-5AE9D8504B65}.Release|ARM.Build.0 = Release|ARM
		{E73CD38E-BC08-467A-A390-5AE9D8504B65}.Release|ARM.Deploy.0 = Release|ARM
		{E73CD38E-BC08-467A-A390-5AE9D8504B65}.Release|iPhone.ActiveCfg = Release|x86
		{E73CD38E-BC08-467A-A390-5AE9D8504B65}.Release|iPhone.Build.0 = Release|x86
		{E73CD38E-BC08-467A-A390-5AE9D8504B65}.Release|iPhone.Deploy.0 = Release|x86
		{E73CD38E-BC08-467A-A390-5AE9D8504B65}.Release|iPhoneSimulator.ActiveCfg = Release|x86
		{E73CD38E-BC08-467A-A390-5AE9D8504B65}.Release|iPhoneSimulator.Build.0 = Release|x86
		{E73CD38E-BC08-467A-A390-5AE9D8504B65}.Release|iPhoneSimulator.Deploy.0 = Release|x86
		{E73CD38E-BC08-467A-A390-5AE9D8504B65}.Release|x64.ActiveCfg = Release|x64
		{E73CD38E-BC08-467A-A390-5AE9D8504B65}.Release|x64.Build.0 = Release|x64
		{E73CD38E-BC08-467A-A390-5AE9D8504B65}.Release|x64.Deploy.0 = Release|x64
		{E73CD38E-BC08-467A-A390-5AE9D8504B65}.Release|x86.ActiveCfg = Release|x86
		{E73CD38E-BC08-467A-A390-5AE9D8504B65}.Release|x86.Build.0 = Release|x86
		{E73CD38E-BC08-467A-A390-5AE9D8504B65}.Release|x86.Deploy.0 = Release|x86
		{AECD87D8-FC73-4B9F-B2C9-B0ADD2349546}.Ad-Hoc|Any CPU.ActiveCfg = Debug|Any CPU
		{AECD87D8-FC73-4B9F-B2C9-B0ADD2349546}.Ad-Hoc|Any CPU.Build.0 = Debug|Any CPU
		{AECD87D8-FC73-4B9F-B2C9-B0ADD2349546}.Ad-Hoc|Any CPU.Deploy.0 = Debug|Any CPU
		{AECD87D8-FC73-4B9F-B2C9-B0ADD2349546}.Ad-Hoc|ARM.ActiveCfg = Debug|Any CPU
		{AECD87D8-FC73-4B9F-B2C9-B0ADD2349546}.Ad-Hoc|ARM.Build.0 = Debug|Any CPU
		{AECD87D8-FC73-4B9F-B2C9-B0ADD2349546}.Ad-Hoc|ARM.Deploy.0 = Debug|Any CPU
		{AECD87D8-FC73-4B9F-B2C9-B0ADD2349546}.Ad-Hoc|iPhone.ActiveCfg = Debug|Any CPU
		{AECD87D8-FC73-4B9F-B2C9-B0ADD2349546}.Ad-Hoc|iPhone.Build.0 = Debug|Any CPU
		{AECD87D8-FC73-4B9F-B2C9-B0ADD2349546}.Ad-Hoc|iPhone.Deploy.0 = Debug|Any CPU
		{AECD87D8-FC73-4B9F-B2C9-B0ADD2349546}.Ad-Hoc|iPhoneSimulator.ActiveCfg = Debug|Any CPU
		{AECD87D8-FC73-4B9F-B2C9-B0ADD2349546}.Ad-Hoc|iPhoneSimulator.Build.0 = Debug|Any CPU
		{AECD87D8-FC73-4B9F-B2C9-B0ADD2349546}.Ad-Hoc|iPhoneSimulator.Deploy.0 = Debug|Any CPU
		{AECD87D8-FC73-4B9F-B2C9-B0ADD2349546}.Ad-Hoc|x64.ActiveCfg = Debug|Any CPU
		{AECD87D8-FC73-4B9F-B2C9-B0ADD2349546}.Ad-Hoc|x64.Build.0 = Debug|Any CPU
		{AECD87D8-FC73-4B9F-B2C9-B0ADD2349546}.Ad-Hoc|x64.Deploy.0 = Debug|Any CPU
		{AECD87D8-FC73-4B9F-B2C9-B0ADD2349546}.Ad-Hoc|x86.ActiveCfg = Debug|Any CPU
		{AECD87D8-FC73-4B9F-B2C9-B0ADD2349546}.Ad-Hoc|x86.Build.0 = Debug|Any CPU
		{AECD87D8-FC73-4B9F-B2C9-B0ADD2349546}.Ad-Hoc|x86.Deploy.0 = Debug|Any CPU
		{AECD87D8-FC73-4B9F-B2C9-B0ADD2349546}.AppStore|Any CPU.ActiveCfg = Debug|Any CPU
		{AECD87D8-FC73-4B9F-B2C9-B0ADD2349546}.AppStore|Any CPU.Build.0 = Debug|Any CPU
		{AECD87D8-FC73-4B9F-B2C9-B0ADD2349546}.AppStore|Any CPU.Deploy.0 = Debug|Any CPU
		{AECD87D8-FC73-4B9F-B2C9-B0ADD2349546}.AppStore|ARM.ActiveCfg = Debug|Any CPU
		{AECD87D8-FC73-4B9F-B2C9-B0ADD2349546}.AppStore|ARM.Build.0 = Debug|Any CPU
		{AECD87D8-FC73-4B9F-B2C9-B0ADD2349546}.AppStore|ARM.Deploy.0 = Debug|Any CPU
		{AECD87D8-FC73-4B9F-B2C9-B0ADD2349546}.AppStore|iPhone.ActiveCfg = Debug|Any CPU
		{AECD87D8-FC73-4B9F-B2C9-B0ADD2349546}.AppStore|iPhone.Build.0 = Debug|Any CPU
		{AECD87D8-FC73-4B9F-B2C9-B0ADD2349546}.AppStore|iPhone.Deploy.0 = Debug|Any CPU
		{AECD87D8-FC73-4B9F-B2C9-B0ADD2349546}.AppStore|iPhoneSimulator.ActiveCfg = Debug|Any CPU
		{AECD87D8-FC73-4B9F-B2C9-B0ADD2349546}.AppStore|iPhoneSimulator.Build.0 = Debug|Any CPU
		{AECD87D8-FC73-4B9F-B2C9-B0ADD2349546}.AppStore|iPhoneSimulator.Deploy.0 = Debug|Any CPU
		{AECD87D8-FC73-4B9F-B2C9-B0ADD2349546}.AppStore|x64.ActiveCfg = Debug|Any CPU
		{AECD87D8-FC73-4B9F-B2C9-B0ADD2349546}.AppStore|x64.Build.0 = Debug|Any CPU
		{AECD87D8-FC73-4B9F-B2C9-B0ADD2349546}.AppStore|x64.Deploy.0 = Debug|Any CPU
		{AECD87D8-FC73-4B9F-B2C9-B0ADD2349546}.AppStore|x86.ActiveCfg = Debug|Any CPU
		{AECD87D8-FC73-4B9F-B2C9-B0ADD2349546}.AppStore|x86.Build.0 = Debug|Any CPU
		{AECD87D8-FC73-4B9F-B2C9-B0ADD2349546}.AppStore|x86.Deploy.0 = Debug|Any CPU
		{AECD87D8-FC73-4B9F-B2C9-B0ADD2349546}.Debug|Any CPU.ActiveCfg = Debug|Any CPU
		{AECD87D8-FC73-4B9F-B2C9-B0ADD2349546}.Debug|Any CPU.Build.0 = Debug|Any CPU
		{AECD87D8-FC73-4B9F-B2C9-B0ADD2349546}.Debug|Any CPU.Deploy.0 = Debug|Any CPU
		{AECD87D8-FC73-4B9F-B2C9-B0ADD2349546}.Debug|ARM.ActiveCfg = Debug|Any CPU
		{AECD87D8-FC73-4B9F-B2C9-B0ADD2349546}.Debug|ARM.Build.0 = Debug|Any CPU
		{AECD87D8-FC73-4B9F-B2C9-B0ADD2349546}.Debug|ARM.Deploy.0 = Debug|Any CPU
		{AECD87D8-FC73-4B9F-B2C9-B0ADD2349546}.Debug|iPhone.ActiveCfg = Debug|Any CPU
		{AECD87D8-FC73-4B9F-B2C9-B0ADD2349546}.Debug|iPhone.Build.0 = Debug|Any CPU
		{AECD87D8-FC73-4B9F-B2C9-B0ADD2349546}.Debug|iPhone.Deploy.0 = Debug|Any CPU
		{AECD87D8-FC73-4B9F-B2C9-B0ADD2349546}.Debug|iPhoneSimulator.ActiveCfg = Debug|Any CPU
		{AECD87D8-FC73-4B9F-B2C9-B0ADD2349546}.Debug|iPhoneSimulator.Build.0 = Debug|Any CPU
		{AECD87D8-FC73-4B9F-B2C9-B0ADD2349546}.Debug|iPhoneSimulator.Deploy.0 = Debug|Any CPU
		{AECD87D8-FC73-4B9F-B2C9-B0ADD2349546}.Debug|x64.ActiveCfg = Debug|Any CPU
		{AECD87D8-FC73-4B9F-B2C9-B0ADD2349546}.Debug|x64.Build.0 = Debug|Any CPU
		{AECD87D8-FC73-4B9F-B2C9-B0ADD2349546}.Debug|x64.Deploy.0 = Debug|Any CPU
		{AECD87D8-FC73-4B9F-B2C9-B0ADD2349546}.Debug|x86.ActiveCfg = Debug|Any CPU
		{AECD87D8-FC73-4B9F-B2C9-B0ADD2349546}.Debug|x86.Build.0 = Debug|Any CPU
		{AECD87D8-FC73-4B9F-B2C9-B0ADD2349546}.Debug|x86.Deploy.0 = Debug|Any CPU
		{AECD87D8-FC73-4B9F-B2C9-B0ADD2349546}.Release|Any CPU.ActiveCfg = Release|Any CPU
		{AECD87D8-FC73-4B9F-B2C9-B0ADD2349546}.Release|Any CPU.Build.0 = Release|Any CPU
		{AECD87D8-FC73-4B9F-B2C9-B0ADD2349546}.Release|Any CPU.Deploy.0 = Release|Any CPU
		{AECD87D8-FC73-4B9F-B2C9-B0ADD2349546}.Release|ARM.ActiveCfg = Release|Any CPU
		{AECD87D8-FC73-4B9F-B2C9-B0ADD2349546}.Release|ARM.Build.0 = Release|Any CPU
		{AECD87D8-FC73-4B9F-B2C9-B0ADD2349546}.Release|ARM.Deploy.0 = Release|Any CPU
		{AECD87D8-FC73-4B9F-B2C9-B0ADD2349546}.Release|iPhone.ActiveCfg = Release|Any CPU
		{AECD87D8-FC73-4B9F-B2C9-B0ADD2349546}.Release|iPhone.Build.0 = Release|Any CPU
		{AECD87D8-FC73-4B9F-B2C9-B0ADD2349546}.Release|iPhone.Deploy.0 = Release|Any CPU
		{AECD87D8-FC73-4B9F-B2C9-B0ADD2349546}.Release|iPhoneSimulator.ActiveCfg = Release|Any CPU
		{AECD87D8-FC73-4B9F-B2C9-B0ADD2349546}.Release|iPhoneSimulator.Build.0 = Release|Any CPU
		{AECD87D8-FC73-4B9F-B2C9-B0ADD2349546}.Release|iPhoneSimulator.Deploy.0 = Release|Any CPU
		{AECD87D8-FC73-4B9F-B2C9-B0ADD2349546}.Release|x64.ActiveCfg = Release|Any CPU
		{AECD87D8-FC73-4B9F-B2C9-B0ADD2349546}.Release|x64.Build.0 = Release|Any CPU
		{AECD87D8-FC73-4B9F-B2C9-B0ADD2349546}.Release|x64.Deploy.0 = Release|Any CPU
		{AECD87D8-FC73-4B9F-B2C9-B0ADD2349546}.Release|x86.ActiveCfg = Release|Any CPU
		{AECD87D8-FC73-4B9F-B2C9-B0ADD2349546}.Release|x86.Build.0 = Release|Any CPU
		{AECD87D8-FC73-4B9F-B2C9-B0ADD2349546}.Release|x86.Deploy.0 = Release|Any CPU
		{D92C7366-693D-483C-9729-20479EFE2826}.Ad-Hoc|Any CPU.ActiveCfg = Release|Any CPU
		{D92C7366-693D-483C-9729-20479EFE2826}.Ad-Hoc|Any CPU.Build.0 = Release|Any CPU
		{D92C7366-693D-483C-9729-20479EFE2826}.Ad-Hoc|ARM.ActiveCfg = Release|Any CPU
		{D92C7366-693D-483C-9729-20479EFE2826}.Ad-Hoc|ARM.Build.0 = Release|Any CPU
		{D92C7366-693D-483C-9729-20479EFE2826}.Ad-Hoc|iPhone.ActiveCfg = Release|Any CPU
		{D92C7366-693D-483C-9729-20479EFE2826}.Ad-Hoc|iPhone.Build.0 = Release|Any CPU
		{D92C7366-693D-483C-9729-20479EFE2826}.Ad-Hoc|iPhoneSimulator.ActiveCfg = Release|Any CPU
		{D92C7366-693D-483C-9729-20479EFE2826}.Ad-Hoc|iPhoneSimulator.Build.0 = Release|Any CPU
		{D92C7366-693D-483C-9729-20479EFE2826}.Ad-Hoc|x64.ActiveCfg = Release|Any CPU
		{D92C7366-693D-483C-9729-20479EFE2826}.Ad-Hoc|x64.Build.0 = Release|Any CPU
		{D92C7366-693D-483C-9729-20479EFE2826}.Ad-Hoc|x86.ActiveCfg = Release|Any CPU
		{D92C7366-693D-483C-9729-20479EFE2826}.Ad-Hoc|x86.Build.0 = Release|Any CPU
		{D92C7366-693D-483C-9729-20479EFE2826}.AppStore|Any CPU.ActiveCfg = Release|Any CPU
		{D92C7366-693D-483C-9729-20479EFE2826}.AppStore|Any CPU.Build.0 = Release|Any CPU
		{D92C7366-693D-483C-9729-20479EFE2826}.AppStore|ARM.ActiveCfg = Release|Any CPU
		{D92C7366-693D-483C-9729-20479EFE2826}.AppStore|ARM.Build.0 = Release|Any CPU
		{D92C7366-693D-483C-9729-20479EFE2826}.AppStore|iPhone.ActiveCfg = Release|Any CPU
		{D92C7366-693D-483C-9729-20479EFE2826}.AppStore|iPhone.Build.0 = Release|Any CPU
		{D92C7366-693D-483C-9729-20479EFE2826}.AppStore|iPhoneSimulator.ActiveCfg = Release|Any CPU
		{D92C7366-693D-483C-9729-20479EFE2826}.AppStore|iPhoneSimulator.Build.0 = Release|Any CPU
		{D92C7366-693D-483C-9729-20479EFE2826}.AppStore|x64.ActiveCfg = Release|Any CPU
		{D92C7366-693D-483C-9729-20479EFE2826}.AppStore|x64.Build.0 = Release|Any CPU
		{D92C7366-693D-483C-9729-20479EFE2826}.AppStore|x86.ActiveCfg = Release|Any CPU
		{D92C7366-693D-483C-9729-20479EFE2826}.AppStore|x86.Build.0 = Release|Any CPU
		{D92C7366-693D-483C-9729-20479EFE2826}.Debug|Any CPU.ActiveCfg = Debug|Any CPU
		{D92C7366-693D-483C-9729-20479EFE2826}.Debug|Any CPU.Build.0 = Debug|Any CPU
		{D92C7366-693D-483C-9729-20479EFE2826}.Debug|ARM.ActiveCfg = Debug|Any CPU
		{D92C7366-693D-483C-9729-20479EFE2826}.Debug|ARM.Build.0 = Debug|Any CPU
		{D92C7366-693D-483C-9729-20479EFE2826}.Debug|iPhone.ActiveCfg = Debug|Any CPU
		{D92C7366-693D-483C-9729-20479EFE2826}.Debug|iPhone.Build.0 = Debug|Any CPU
		{D92C7366-693D-483C-9729-20479EFE2826}.Debug|iPhoneSimulator.ActiveCfg = Debug|Any CPU
		{D92C7366-693D-483C-9729-20479EFE2826}.Debug|iPhoneSimulator.Build.0 = Debug|Any CPU
		{D92C7366-693D-483C-9729-20479EFE2826}.Debug|x64.ActiveCfg = Debug|Any CPU
		{D92C7366-693D-483C-9729-20479EFE2826}.Debug|x64.Build.0 = Debug|Any CPU
		{D92C7366-693D-483C-9729-20479EFE2826}.Debug|x86.ActiveCfg = Debug|Any CPU
		{D92C7366-693D-483C-9729-20479EFE2826}.Debug|x86.Build.0 = Debug|Any CPU
		{D92C7366-693D-483C-9729-20479EFE2826}.Release|Any CPU.ActiveCfg = Release|Any CPU
		{D92C7366-693D-483C-9729-20479EFE2826}.Release|Any CPU.Build.0 = Release|Any CPU
		{D92C7366-693D-483C-9729-20479EFE2826}.Release|ARM.ActiveCfg = Release|Any CPU
		{D92C7366-693D-483C-9729-20479EFE2826}.Release|ARM.Build.0 = Release|Any CPU
		{D92C7366-693D-483C-9729-20479EFE2826}.Release|iPhone.ActiveCfg = Release|Any CPU
		{D92C7366-693D-483C-9729-20479EFE2826}.Release|iPhone.Build.0 = Release|Any CPU
		{D92C7366-693D-483C-9729-20479EFE2826}.Release|iPhoneSimulator.ActiveCfg = Release|Any CPU
		{D92C7366-693D-483C-9729-20479EFE2826}.Release|iPhoneSimulator.Build.0 = Release|Any CPU
		{D92C7366-693D-483C-9729-20479EFE2826}.Release|x64.ActiveCfg = Release|Any CPU
		{D92C7366-693D-483C-9729-20479EFE2826}.Release|x64.Build.0 = Release|Any CPU
		{D92C7366-693D-483C-9729-20479EFE2826}.Release|x86.ActiveCfg = Release|Any CPU
		{D92C7366-693D-483C-9729-20479EFE2826}.Release|x86.Build.0 = Release|Any CPU
		{A8641768-F82B-4A39-8D20-CF96ECA925DB}.Ad-Hoc|Any CPU.ActiveCfg = Release|Any CPU
		{A8641768-F82B-4A39-8D20-CF96ECA925DB}.Ad-Hoc|Any CPU.Build.0 = Release|Any CPU
		{A8641768-F82B-4A39-8D20-CF96ECA925DB}.Ad-Hoc|ARM.ActiveCfg = Release|Any CPU
		{A8641768-F82B-4A39-8D20-CF96ECA925DB}.Ad-Hoc|ARM.Build.0 = Release|Any CPU
		{A8641768-F82B-4A39-8D20-CF96ECA925DB}.Ad-Hoc|iPhone.ActiveCfg = Release|Any CPU
		{A8641768-F82B-4A39-8D20-CF96ECA925DB}.Ad-Hoc|iPhone.Build.0 = Release|Any CPU
		{A8641768-F82B-4A39-8D20-CF96ECA925DB}.Ad-Hoc|iPhoneSimulator.ActiveCfg = Release|Any CPU
		{A8641768-F82B-4A39-8D20-CF96ECA925DB}.Ad-Hoc|iPhoneSimulator.Build.0 = Release|Any CPU
		{A8641768-F82B-4A39-8D20-CF96ECA925DB}.Ad-Hoc|x64.ActiveCfg = Release|Any CPU
		{A8641768-F82B-4A39-8D20-CF96ECA925DB}.Ad-Hoc|x64.Build.0 = Release|Any CPU
		{A8641768-F82B-4A39-8D20-CF96ECA925DB}.Ad-Hoc|x86.ActiveCfg = Release|Any CPU
		{A8641768-F82B-4A39-8D20-CF96ECA925DB}.Ad-Hoc|x86.Build.0 = Release|Any CPU
		{A8641768-F82B-4A39-8D20-CF96ECA925DB}.AppStore|Any CPU.ActiveCfg = Release|Any CPU
		{A8641768-F82B-4A39-8D20-CF96ECA925DB}.AppStore|Any CPU.Build.0 = Release|Any CPU
		{A8641768-F82B-4A39-8D20-CF96ECA925DB}.AppStore|ARM.ActiveCfg = Release|Any CPU
		{A8641768-F82B-4A39-8D20-CF96ECA925DB}.AppStore|ARM.Build.0 = Release|Any CPU
		{A8641768-F82B-4A39-8D20-CF96ECA925DB}.AppStore|iPhone.ActiveCfg = Release|Any CPU
		{A8641768-F82B-4A39-8D20-CF96ECA925DB}.AppStore|iPhone.Build.0 = Release|Any CPU
		{A8641768-F82B-4A39-8D20-CF96ECA925DB}.AppStore|iPhoneSimulator.ActiveCfg = Release|Any CPU
		{A8641768-F82B-4A39-8D20-CF96ECA925DB}.AppStore|iPhoneSimulator.Build.0 = Release|Any CPU
		{A8641768-F82B-4A39-8D20-CF96ECA925DB}.AppStore|x64.ActiveCfg = Release|Any CPU
		{A8641768-F82B-4A39-8D20-CF96ECA925DB}.AppStore|x64.Build.0 = Release|Any CPU
		{A8641768-F82B-4A39-8D20-CF96ECA925DB}.AppStore|x86.ActiveCfg = Release|Any CPU
		{A8641768-F82B-4A39-8D20-CF96ECA925DB}.AppStore|x86.Build.0 = Release|Any CPU
		{A8641768-F82B-4A39-8D20-CF96ECA925DB}.Debug|Any CPU.ActiveCfg = Debug|Any CPU
		{A8641768-F82B-4A39-8D20-CF96ECA925DB}.Debug|Any CPU.Build.0 = Debug|Any CPU
		{A8641768-F82B-4A39-8D20-CF96ECA925DB}.Debug|ARM.ActiveCfg = Debug|Any CPU
		{A8641768-F82B-4A39-8D20-CF96ECA925DB}.Debug|ARM.Build.0 = Debug|Any CPU
		{A8641768-F82B-4A39-8D20-CF96ECA925DB}.Debug|iPhone.ActiveCfg = Debug|Any CPU
		{A8641768-F82B-4A39-8D20-CF96ECA925DB}.Debug|iPhone.Build.0 = Debug|Any CPU
		{A8641768-F82B-4A39-8D20-CF96ECA925DB}.Debug|iPhoneSimulator.ActiveCfg = Debug|Any CPU
		{A8641768-F82B-4A39-8D20-CF96ECA925DB}.Debug|iPhoneSimulator.Build.0 = Debug|Any CPU
		{A8641768-F82B-4A39-8D20-CF96ECA925DB}.Debug|x64.ActiveCfg = Debug|Any CPU
		{A8641768-F82B-4A39-8D20-CF96ECA925DB}.Debug|x64.Build.0 = Debug|Any CPU
		{A8641768-F82B-4A39-8D20-CF96ECA925DB}.Debug|x86.ActiveCfg = Debug|Any CPU
		{A8641768-F82B-4A39-8D20-CF96ECA925DB}.Debug|x86.Build.0 = Debug|Any CPU
		{A8641768-F82B-4A39-8D20-CF96ECA925DB}.Release|Any CPU.ActiveCfg = Release|Any CPU
		{A8641768-F82B-4A39-8D20-CF96ECA925DB}.Release|Any CPU.Build.0 = Release|Any CPU
		{A8641768-F82B-4A39-8D20-CF96ECA925DB}.Release|ARM.ActiveCfg = Release|Any CPU
		{A8641768-F82B-4A39-8D20-CF96ECA925DB}.Release|ARM.Build.0 = Release|Any CPU
		{A8641768-F82B-4A39-8D20-CF96ECA925DB}.Release|iPhone.ActiveCfg = Release|Any CPU
		{A8641768-F82B-4A39-8D20-CF96ECA925DB}.Release|iPhone.Build.0 = Release|Any CPU
		{A8641768-F82B-4A39-8D20-CF96ECA925DB}.Release|iPhoneSimulator.ActiveCfg = Release|Any CPU
		{A8641768-F82B-4A39-8D20-CF96ECA925DB}.Release|iPhoneSimulator.Build.0 = Release|Any CPU
		{A8641768-F82B-4A39-8D20-CF96ECA925DB}.Release|x64.ActiveCfg = Release|Any CPU
		{A8641768-F82B-4A39-8D20-CF96ECA925DB}.Release|x64.Build.0 = Release|Any CPU
		{A8641768-F82B-4A39-8D20-CF96ECA925DB}.Release|x86.ActiveCfg = Release|Any CPU
		{A8641768-F82B-4A39-8D20-CF96ECA925DB}.Release|x86.Build.0 = Release|Any CPU
	EndGlobalSection
	GlobalSection(SolutionProperties) = preSolution
		HideSolutionNode = FALSE
	EndGlobalSection
	GlobalSection(ExtensibilityGlobals) = postSolution
		SolutionGuid = {99A1172C-EDF3-4093-AFFE-C4856CA06D8A}
	EndGlobalSection
EndGlobal
