
Microsoft Visual Studio Solution File, Format Version 12.00
# Visual Studio 15
VisualStudioVersion = 15.0.28010.2041
MinimumVisualStudioVersion = 10.0.40219.1
Project("{FAE04EC0-301F-11D3-BF4B-00C04F79EFBC}") = "sparkvial_app.Android", "sparkvial_app\sparkvial_app.Android\sparkvial_app.Android.csproj", "{647E8373-6786-4547-A74F-95934FBC6F11}"
EndProject
Project("{FAE04EC0-301F-11D3-BF4B-00C04F79EFBC}") = "sparkvial_app.iOS", "sparkvial_app\sparkvial_app.iOS\sparkvial_app.iOS.csproj", "{0B669CCE-325A-4AF9-A904-14ACEF240536}"
EndProject
Project("{FAE04EC0-301F-11D3-BF4B-00C04F79EFBC}") = "sparkvial_app.UWP", "sparkvial_app\sparkvial_app.UWP\sparkvial_app.UWP.csproj", "{E73CD38E-BC08-467A-A390-5AE9D8504B65}"
EndProject
Project("{FAE04EC0-301F-11D3-BF4B-00C04F79EFBC}") = "sparkvial_app.WPF", "sparkvial_app\sparkvial_app.WPF\sparkvial_app.WPF.csproj", "{AA02C58F-189E-4FA0-8CD9-BB1F15AAA60A}"
EndProject
Project("{9A19103F-16F7-4668-BE54-9A1E7A4F7556}") = "sparkvial_app", "sparkvial_app\sparkvial_app\sparkvial_app.csproj", "{AECD87D8-FC73-4B9F-B2C9-B0ADD2349546}"
EndProject
Project("{FAE04EC0-301F-11D3-BF4B-00C04F79EFBC}") = "sparkvial_cli", "sparkvial_cli\sparkvial_cli.csproj", "{D92C7366-693D-483C-9729-20479EFE2826}"
	ProjectSection(ProjectDependencies) = postProject
		{F36E688C-82C7-441F-9FFF-9564CDF19B8C} = {F36E688C-82C7-441F-9FFF-9564CDF19B8C}
	EndProjectSection
EndProject
Project("{FAE04EC0-301F-11D3-BF4B-00C04F79EFBC}") = "svifs_win32", "svifs_win32\svifs_win32.csproj", "{F36E688C-82C7-441F-9FFF-9564CDF19B8C}"
EndProject
Project("{9A19103F-16F7-4668-BE54-9A1E7A4F7556}") = "libsv", "libsv\libsv.csproj", "{E67B97CF-5F2B-4BC0-AAC4-85F4F6F613F2}"
EndProject
Project("{FAE04EC0-301F-11D3-BF4B-00C04F79EFBC}") = "svifs_uwp", "svifs_uwp\svifs_uwp.csproj", "{5C4CD3B0-FD2E-482E-A364-2BBA0603065E}"
EndProject
Project("{FAE04EC0-301F-11D3-BF4B-00C04F79EFBC}") = "svifs_android", "svifs_android\svifs_android.csproj", "{B8136096-744A-4B07-A860-77EF1631333F}"
EndProject
Project("{FAE04EC0-301F-11D3-BF4B-00C04F79EFBC}") = "UsbSerialForAndroid", "UsbSerialForAndroid\UsbSerialForAndroid.csproj", "{A64567BC-548A-4CB7-9F2C-ECE75EE1A868}"
EndProject
Project("{9A19103F-16F7-4668-BE54-9A1E7A4F7556}") = "sparkvial_devices", "sparkvial_devices\sparkvial_devices.csproj", "{71414AFC-4101-401D-83B4-CD39FD1539DB}"
EndProject
Project("{FAE04EC0-301F-11D3-BF4B-00C04F79EFBC}") = "sparkvial_nodes", "sparkvial_nodes\sparkvial_nodes.csproj", "{684C7DAB-78FA-4C06-92EB-84BB7D2E9F53}"
EndProject
Global
	GlobalSection(SolutionConfigurationPlatforms) = preSolution
		Ad-Hoc|Any CPU = Ad-Hoc|Any CPU
		Ad-Hoc|ARM = Ad-Hoc|ARM
		Ad-Hoc|iPhone = Ad-Hoc|iPhone
		Ad-Hoc|iPhoneSimulator = Ad-Hoc|iPhoneSimulator
		Ad-Hoc|x64 = Ad-Hoc|x64
		Ad-Hoc|x86 = Ad-Hoc|x86
		AndroidDebug|Any CPU = AndroidDebug|Any CPU
		AndroidDebug|ARM = AndroidDebug|ARM
		AndroidDebug|iPhone = AndroidDebug|iPhone
		AndroidDebug|iPhoneSimulator = AndroidDebug|iPhoneSimulator
		AndroidDebug|x64 = AndroidDebug|x64
		AndroidDebug|x86 = AndroidDebug|x86
		AppStore|Any CPU = AppStore|Any CPU
		AppStore|ARM = AppStore|ARM
		AppStore|iPhone = AppStore|iPhone
		AppStore|iPhoneSimulator = AppStore|iPhoneSimulator
		AppStore|x64 = AppStore|x64
		AppStore|x86 = AppStore|x86
		Debug|Any CPU = Debug|Any CPU
		Debug|ARM = Debug|ARM
		Debug|iPhone = Debug|iPhone
		Debug|iPhoneSimulator = Debug|iPhoneSimulator
		Debug|x64 = Debug|x64
		Debug|x86 = Debug|x86
		Release|Any CPU = Release|Any CPU
		Release|ARM = Release|ARM
		Release|iPhone = Release|iPhone
		Release|iPhoneSimulator = Release|iPhoneSimulator
		Release|x64 = Release|x64
		Release|x86 = Release|x86
	EndGlobalSection
	GlobalSection(ProjectConfigurationPlatforms) = postSolution
		{647E8373-6786-4547-A74F-95934FBC6F11}.Ad-Hoc|Any CPU.ActiveCfg = Release|Any CPU
		{647E8373-6786-4547-A74F-95934FBC6F11}.Ad-Hoc|Any CPU.Build.0 = Release|Any CPU
		{647E8373-6786-4547-A74F-95934FBC6F11}.Ad-Hoc|Any CPU.Deploy.0 = Release|Any CPU
		{647E8373-6786-4547-A74F-95934FBC6F11}.Ad-Hoc|ARM.ActiveCfg = Release|Any CPU
		{647E8373-6786-4547-A74F-95934FBC6F11}.Ad-Hoc|ARM.Build.0 = Release|Any CPU
		{647E8373-6786-4547-A74F-95934FBC6F11}.Ad-Hoc|ARM.Deploy.0 = Release|Any CPU
		{647E8373-6786-4547-A74F-95934FBC6F11}.Ad-Hoc|iPhone.ActiveCfg = Release|Any CPU
		{647E8373-6786-4547-A74F-95934FBC6F11}.Ad-Hoc|iPhone.Build.0 = Release|Any CPU
		{647E8373-6786-4547-A74F-95934FBC6F11}.Ad-Hoc|iPhone.Deploy.0 = Release|Any CPU
		{647E8373-6786-4547-A74F-95934FBC6F11}.Ad-Hoc|iPhoneSimulator.ActiveCfg = Release|Any CPU
		{647E8373-6786-4547-A74F-95934FBC6F11}.Ad-Hoc|iPhoneSimulator.Build.0 = Release|Any CPU
		{647E8373-6786-4547-A74F-95934FBC6F11}.Ad-Hoc|iPhoneSimulator.Deploy.0 = Release|Any CPU
		{647E8373-6786-4547-A74F-95934FBC6F11}.Ad-Hoc|x64.ActiveCfg = Release|Any CPU
		{647E8373-6786-4547-A74F-95934FBC6F11}.Ad-Hoc|x64.Build.0 = Release|Any CPU
		{647E8373-6786-4547-A74F-95934FBC6F11}.Ad-Hoc|x64.Deploy.0 = Release|Any CPU
		{647E8373-6786-4547-A74F-95934FBC6F11}.Ad-Hoc|x86.ActiveCfg = Release|Any CPU
		{647E8373-6786-4547-A74F-95934FBC6F11}.Ad-Hoc|x86.Build.0 = Release|Any CPU
		{647E8373-6786-4547-A74F-95934FBC6F11}.Ad-Hoc|x86.Deploy.0 = Release|Any CPU
		{647E8373-6786-4547-A74F-95934FBC6F11}.AndroidDebug|Any CPU.ActiveCfg = AndroidDebug|Any CPU
		{647E8373-6786-4547-A74F-95934FBC6F11}.AndroidDebug|Any CPU.Build.0 = AndroidDebug|Any CPU
		{647E8373-6786-4547-A74F-95934FBC6F11}.AndroidDebug|Any CPU.Deploy.0 = AndroidDebug|Any CPU
		{647E8373-6786-4547-A74F-95934FBC6F11}.AndroidDebug|ARM.ActiveCfg = AndroidDebug|Any CPU
		{647E8373-6786-4547-A74F-95934FBC6F11}.AndroidDebug|ARM.Build.0 = AndroidDebug|Any CPU
		{647E8373-6786-4547-A74F-95934FBC6F11}.AndroidDebug|ARM.Deploy.0 = AndroidDebug|Any CPU
		{647E8373-6786-4547-A74F-95934FBC6F11}.AndroidDebug|iPhone.ActiveCfg = AndroidDebug|Any CPU
		{647E8373-6786-4547-A74F-95934FBC6F11}.AndroidDebug|iPhone.Build.0 = AndroidDebug|Any CPU
		{647E8373-6786-4547-A74F-95934FBC6F11}.AndroidDebug|iPhone.Deploy.0 = AndroidDebug|Any CPU
		{647E8373-6786-4547-A74F-95934FBC6F11}.AndroidDebug|iPhoneSimulator.ActiveCfg = AndroidDebug|Any CPU
		{647E8373-6786-4547-A74F-95934FBC6F11}.AndroidDebug|iPhoneSimulator.Build.0 = AndroidDebug|Any CPU
		{647E8373-6786-4547-A74F-95934FBC6F11}.AndroidDebug|iPhoneSimulator.Deploy.0 = AndroidDebug|Any CPU
		{647E8373-6786-4547-A74F-95934FBC6F11}.AndroidDebug|x64.ActiveCfg = AndroidDebug|Any CPU
		{647E8373-6786-4547-A74F-95934FBC6F11}.AndroidDebug|x64.Build.0 = AndroidDebug|Any CPU
		{647E8373-6786-4547-A74F-95934FBC6F11}.AndroidDebug|x64.Deploy.0 = AndroidDebug|Any CPU
		{647E8373-6786-4547-A74F-95934FBC6F11}.AndroidDebug|x86.ActiveCfg = AndroidDebug|Any CPU
		{647E8373-6786-4547-A74F-95934FBC6F11}.AndroidDebug|x86.Build.0 = AndroidDebug|Any CPU
		{647E8373-6786-4547-A74F-95934FBC6F11}.AndroidDebug|x86.Deploy.0 = AndroidDebug|Any CPU
		{647E8373-6786-4547-A74F-95934FBC6F11}.AppStore|Any CPU.ActiveCfg = Release|Any CPU
		{647E8373-6786-4547-A74F-95934FBC6F11}.AppStore|Any CPU.Build.0 = Release|Any CPU
		{647E8373-6786-4547-A74F-95934FBC6F11}.AppStore|Any CPU.Deploy.0 = Release|Any CPU
		{647E8373-6786-4547-A74F-95934FBC6F11}.AppStore|ARM.ActiveCfg = Release|Any CPU
		{647E8373-6786-4547-A74F-95934FBC6F11}.AppStore|ARM.Build.0 = Release|Any CPU
		{647E8373-6786-4547-A74F-95934FBC6F11}.AppStore|ARM.Deploy.0 = Release|Any CPU
		{647E8373-6786-4547-A74F-95934FBC6F11}.AppStore|iPhone.ActiveCfg = Release|Any CPU
		{647E8373-6786-4547-A74F-95934FBC6F11}.AppStore|iPhone.Build.0 = Release|Any CPU
		{647E8373-6786-4547-A74F-95934FBC6F11}.AppStore|iPhone.Deploy.0 = Release|Any CPU
		{647E8373-6786-4547-A74F-95934FBC6F11}.AppStore|iPhoneSimulator.ActiveCfg = Release|Any CPU
		{647E8373-6786-4547-A74F-95934FBC6F11}.AppStore|iPhoneSimulator.Build.0 = Release|Any CPU
		{647E8373-6786-4547-A74F-95934FBC6F11}.AppStore|iPhoneSimulator.Deploy.0 = Release|Any CPU
		{647E8373-6786-4547-A74F-95934FBC6F11}.AppStore|x64.ActiveCfg = Release|Any CPU
		{647E8373-6786-4547-A74F-95934FBC6F11}.AppStore|x64.Build.0 = Release|Any CPU
		{647E8373-6786-4547-A74F-95934FBC6F11}.AppStore|x64.Deploy.0 = Release|Any CPU
		{647E8373-6786-4547-A74F-95934FBC6F11}.AppStore|x86.ActiveCfg = Release|Any CPU
		{647E8373-6786-4547-A74F-95934FBC6F11}.AppStore|x86.Build.0 = Release|Any CPU
		{647E8373-6786-4547-A74F-95934FBC6F11}.AppStore|x86.Deploy.0 = Release|Any CPU
		{647E8373-6786-4547-A74F-95934FBC6F11}.Debug|Any CPU.ActiveCfg = Debug|Any CPU
		{647E8373-6786-4547-A74F-95934FBC6F11}.Debug|Any CPU.Build.0 = Debug|Any CPU
		{647E8373-6786-4547-A74F-95934FBC6F11}.Debug|Any CPU.Deploy.0 = Debug|Any CPU
		{647E8373-6786-4547-A74F-95934FBC6F11}.Debug|ARM.ActiveCfg = Debug|Any CPU
		{647E8373-6786-4547-A74F-95934FBC6F11}.Debug|ARM.Build.0 = Debug|Any CPU
		{647E8373-6786-4547-A74F-95934FBC6F11}.Debug|ARM.Deploy.0 = Debug|Any CPU
		{647E8373-6786-4547-A74F-95934FBC6F11}.Debug|iPhone.ActiveCfg = Debug|Any CPU
		{647E8373-6786-4547-A74F-95934FBC6F11}.Debug|iPhone.Build.0 = Debug|Any CPU
		{647E8373-6786-4547-A74F-95934FBC6F11}.Debug|iPhone.Deploy.0 = Debug|Any CPU
		{647E8373-6786-4547-A74F-95934FBC6F11}.Debug|iPhoneSimulator.ActiveCfg = Debug|Any CPU
		{647E8373-6786-4547-A74F-95934FBC6F11}.Debug|iPhoneSimulator.Build.0 = Debug|Any CPU
		{647E8373-6786-4547-A74F-95934FBC6F11}.Debug|iPhoneSimulator.Deploy.0 = Debug|Any CPU
		{647E8373-6786-4547-A74F-95934FBC6F11}.Debug|x64.ActiveCfg = Debug|Any CPU
		{647E8373-6786-4547-A74F-95934FBC6F11}.Debug|x64.Build.0 = Debug|Any CPU
		{647E8373-6786-4547-A74F-95934FBC6F11}.Debug|x64.Deploy.0 = Debug|Any CPU
		{647E8373-6786-4547-A74F-95934FBC6F11}.Debug|x86.ActiveCfg = Debug|Any CPU
		{647E8373-6786-4547-A74F-95934FBC6F11}.Debug|x86.Build.0 = Debug|Any CPU
		{647E8373-6786-4547-A74F-95934FBC6F11}.Debug|x86.Deploy.0 = Debug|Any CPU
		{647E8373-6786-4547-A74F-95934FBC6F11}.Release|Any CPU.ActiveCfg = Release|Any CPU
		{647E8373-6786-4547-A74F-95934FBC6F11}.Release|Any CPU.Build.0 = Release|Any CPU
		{647E8373-6786-4547-A74F-95934FBC6F11}.Release|Any CPU.Deploy.0 = Release|Any CPU
		{647E8373-6786-4547-A74F-95934FBC6F11}.Release|ARM.ActiveCfg = Release|Any CPU
		{647E8373-6786-4547-A74F-95934FBC6F11}.Release|ARM.Build.0 = Release|Any CPU
		{647E8373-6786-4547-A74F-95934FBC6F11}.Release|ARM.Deploy.0 = Release|Any CPU
		{647E8373-6786-4547-A74F-95934FBC6F11}.Release|iPhone.ActiveCfg = Release|Any CPU
		{647E8373-6786-4547-A74F-95934FBC6F11}.Release|iPhone.Build.0 = Release|Any CPU
		{647E8373-6786-4547-A74F-95934FBC6F11}.Release|iPhone.Deploy.0 = Release|Any CPU
		{647E8373-6786-4547-A74F-95934FBC6F11}.Release|iPhoneSimulator.ActiveCfg = Release|Any CPU
		{647E8373-6786-4547-A74F-95934FBC6F11}.Release|iPhoneSimulator.Build.0 = Release|Any CPU
		{647E8373-6786-4547-A74F-95934FBC6F11}.Release|iPhoneSimulator.Deploy.0 = Release|Any CPU
		{647E8373-6786-4547-A74F-95934FBC6F11}.Release|x64.ActiveCfg = Release|Any CPU
		{647E8373-6786-4547-A74F-95934FBC6F11}.Release|x64.Build.0 = Release|Any CPU
		{647E8373-6786-4547-A74F-95934FBC6F11}.Release|x64.Deploy.0 = Release|Any CPU
		{647E8373-6786-4547-A74F-95934FBC6F11}.Release|x86.ActiveCfg = Release|Any CPU
		{647E8373-6786-4547-A74F-95934FBC6F11}.Release|x86.Build.0 = Release|Any CPU
		{647E8373-6786-4547-A74F-95934FBC6F11}.Release|x86.Deploy.0 = Release|Any CPU
		{0B669CCE-325A-4AF9-A904-14ACEF240536}.Ad-Hoc|Any CPU.ActiveCfg = Ad-Hoc|iPhone
		{0B669CCE-325A-4AF9-A904-14ACEF240536}.Ad-Hoc|Any CPU.Build.0 = Ad-Hoc|iPhone
		{0B669CCE-325A-4AF9-A904-14ACEF240536}.Ad-Hoc|Any CPU.Deploy.0 = Ad-Hoc|iPhone
		{0B669CCE-325A-4AF9-A904-14ACEF240536}.Ad-Hoc|ARM.ActiveCfg = Ad-Hoc|iPhone
		{0B669CCE-325A-4AF9-A904-14ACEF240536}.Ad-Hoc|ARM.Build.0 = Ad-Hoc|iPhone
		{0B669CCE-325A-4AF9-A904-14ACEF240536}.Ad-Hoc|ARM.Deploy.0 = Ad-Hoc|iPhone
		{0B669CCE-325A-4AF9-A904-14ACEF240536}.Ad-Hoc|iPhone.ActiveCfg = Ad-Hoc|iPhone
		{0B669CCE-325A-4AF9-A904-14ACEF240536}.Ad-Hoc|iPhone.Build.0 = Ad-Hoc|iPhone
		{0B669CCE-325A-4AF9-A904-14ACEF240536}.Ad-Hoc|iPhone.Deploy.0 = Ad-Hoc|iPhone
		{0B669CCE-325A-4AF9-A904-14ACEF240536}.Ad-Hoc|iPhoneSimulator.ActiveCfg = Ad-Hoc|iPhoneSimulator
		{0B669CCE-325A-4AF9-A904-14ACEF240536}.Ad-Hoc|iPhoneSimulator.Build.0 = Ad-Hoc|iPhoneSimulator
		{0B669CCE-325A-4AF9-A904-14ACEF240536}.Ad-Hoc|iPhoneSimulator.Deploy.0 = Ad-Hoc|iPhoneSimulator
		{0B669CCE-325A-4AF9-A904-14ACEF240536}.Ad-Hoc|x64.ActiveCfg = Ad-Hoc|iPhone
		{0B669CCE-325A-4AF9-A904-14ACEF240536}.Ad-Hoc|x64.Build.0 = Ad-Hoc|iPhone
		{0B669CCE-325A-4AF9-A904-14ACEF240536}.Ad-Hoc|x64.Deploy.0 = Ad-Hoc|iPhone
		{0B669CCE-325A-4AF9-A904-14ACEF240536}.Ad-Hoc|x86.ActiveCfg = Ad-Hoc|iPhone
		{0B669CCE-325A-4AF9-A904-14ACEF240536}.Ad-Hoc|x86.Build.0 = Ad-Hoc|iPhone
		{0B669CCE-325A-4AF9-A904-14ACEF240536}.Ad-Hoc|x86.Deploy.0 = Ad-Hoc|iPhone
		{0B669CCE-325A-4AF9-A904-14ACEF240536}.AndroidDebug|Any CPU.ActiveCfg = Release|iPhoneSimulator
		{0B669CCE-325A-4AF9-A904-14ACEF240536}.AndroidDebug|ARM.ActiveCfg = Release|iPhoneSimulator
		{0B669CCE-325A-4AF9-A904-14ACEF240536}.AndroidDebug|iPhone.ActiveCfg = Debug|iPhone
		{0B669CCE-325A-4AF9-A904-14ACEF240536}.AndroidDebug|iPhoneSimulator.ActiveCfg = Debug|iPhoneSimulator
		{0B669CCE-325A-4AF9-A904-14ACEF240536}.AndroidDebug|x64.ActiveCfg = Release|iPhoneSimulator
		{0B669CCE-325A-4AF9-A904-14ACEF240536}.AndroidDebug|x86.ActiveCfg = Release|iPhoneSimulator
		{0B669CCE-325A-4AF9-A904-14ACEF240536}.AppStore|Any CPU.ActiveCfg = AppStore|iPhone
		{0B669CCE-325A-4AF9-A904-14ACEF240536}.AppStore|Any CPU.Build.0 = AppStore|iPhone
		{0B669CCE-325A-4AF9-A904-14ACEF240536}.AppStore|Any CPU.Deploy.0 = AppStore|iPhone
		{0B669CCE-325A-4AF9-A904-14ACEF240536}.AppStore|ARM.ActiveCfg = AppStore|iPhone
		{0B669CCE-325A-4AF9-A904-14ACEF240536}.AppStore|ARM.Build.0 = AppStore|iPhone
		{0B669CCE-325A-4AF9-A904-14ACEF240536}.AppStore|ARM.Deploy.0 = AppStore|iPhone
		{0B669CCE-325A-4AF9-A904-14ACEF240536}.AppStore|iPhone.ActiveCfg = AppStore|iPhone
		{0B669CCE-325A-4AF9-A904-14ACEF240536}.AppStore|iPhone.Build.0 = AppStore|iPhone
		{0B669CCE-325A-4AF9-A904-14ACEF240536}.AppStore|iPhone.Deploy.0 = AppStore|iPhone
		{0B669CCE-325A-4AF9-A904-14ACEF240536}.AppStore|iPhoneSimulator.ActiveCfg = AppStore|iPhoneSimulator
		{0B669CCE-325A-4AF9-A904-14ACEF240536}.AppStore|iPhoneSimulator.Build.0 = AppStore|iPhoneSimulator
		{0B669CCE-325A-4AF9-A904-14ACEF240536}.AppStore|iPhoneSimulator.Deploy.0 = AppStore|iPhoneSimulator
		{0B669CCE-325A-4AF9-A904-14ACEF240536}.AppStore|x64.ActiveCfg = AppStore|iPhone
		{0B669CCE-325A-4AF9-A904-14ACEF240536}.AppStore|x64.Build.0 = AppStore|iPhone
		{0B669CCE-325A-4AF9-A904-14ACEF240536}.AppStore|x64.Deploy.0 = AppStore|iPhone
		{0B669CCE-325A-4AF9-A904-14ACEF240536}.AppStore|x86.ActiveCfg = AppStore|iPhone
		{0B669CCE-325A-4AF9-A904-14ACEF240536}.AppStore|x86.Build.0 = AppStore|iPhone
		{0B669CCE-325A-4AF9-A904-14ACEF240536}.AppStore|x86.Deploy.0 = AppStore|iPhone
		{0B669CCE-325A-4AF9-A904-14ACEF240536}.Debug|Any CPU.ActiveCfg = Debug|iPhoneSimulator
		{0B669CCE-325A-4AF9-A904-14ACEF240536}.Debug|Any CPU.Build.0 = Debug|iPhoneSimulator
		{0B669CCE-325A-4AF9-A904-14ACEF240536}.Debug|Any CPU.Deploy.0 = Debug|iPhoneSimulator
		{0B669CCE-325A-4AF9-A904-14ACEF240536}.Debug|ARM.ActiveCfg = Debug|iPhone
		{0B669CCE-325A-4AF9-A904-14ACEF240536}.Debug|ARM.Build.0 = Debug|iPhone
		{0B669CCE-325A-4AF9-A904-14ACEF240536}.Debug|ARM.Deploy.0 = Debug|iPhone
		{0B669CCE-325A-4AF9-A904-14ACEF240536}.Debug|iPhone.ActiveCfg = Debug|iPhone
		{0B669CCE-325A-4AF9-A904-14ACEF240536}.Debug|iPhone.Build.0 = Debug|iPhone
		{0B669CCE-325A-4AF9-A904-14ACEF240536}.Debug|iPhone.Deploy.0 = Debug|iPhone
		{0B669CCE-325A-4AF9-A904-14ACEF240536}.Debug|iPhoneSimulator.ActiveCfg = Debug|iPhoneSimulator
		{0B669CCE-325A-4AF9-A904-14ACEF240536}.Debug|iPhoneSimulator.Build.0 = Debug|iPhoneSimulator
		{0B669CCE-325A-4AF9-A904-14ACEF240536}.Debug|iPhoneSimulator.Deploy.0 = Debug|iPhoneSimulator
		{0B669CCE-325A-4AF9-A904-14ACEF240536}.Debug|x64.ActiveCfg = Debug|iPhone
		{0B669CCE-325A-4AF9-A904-14ACEF240536}.Debug|x64.Build.0 = Debug|iPhone
		{0B669CCE-325A-4AF9-A904-14ACEF240536}.Debug|x64.Deploy.0 = Debug|iPhone
		{0B669CCE-325A-4AF9-A904-14ACEF240536}.Debug|x86.ActiveCfg = Debug|iPhone
		{0B669CCE-325A-4AF9-A904-14ACEF240536}.Debug|x86.Build.0 = Debug|iPhone
		{0B669CCE-325A-4AF9-A904-14ACEF240536}.Debug|x86.Deploy.0 = Debug|iPhone
		{0B669CCE-325A-4AF9-A904-14ACEF240536}.Release|Any CPU.ActiveCfg = Release|iPhone
		{0B669CCE-325A-4AF9-A904-14ACEF240536}.Release|Any CPU.Build.0 = Release|iPhone
		{0B669CCE-325A-4AF9-A904-14ACEF240536}.Release|Any CPU.Deploy.0 = Release|iPhone
		{0B669CCE-325A-4AF9-A904-14ACEF240536}.Release|ARM.ActiveCfg = Release|iPhone
		{0B669CCE-325A-4AF9-A904-14ACEF240536}.Release|ARM.Build.0 = Release|iPhone
		{0B669CCE-325A-4AF9-A904-14ACEF240536}.Release|ARM.Deploy.0 = Release|iPhone
		{0B669CCE-325A-4AF9-A904-14ACEF240536}.Release|iPhone.ActiveCfg = Release|iPhone
		{0B669CCE-325A-4AF9-A904-14ACEF240536}.Release|iPhone.Build.0 = Release|iPhone
		{0B669CCE-325A-4AF9-A904-14ACEF240536}.Release|iPhone.Deploy.0 = Release|iPhone
		{0B669CCE-325A-4AF9-A904-14ACEF240536}.Release|iPhoneSimulator.ActiveCfg = Release|iPhoneSimulator
		{0B669CCE-325A-4AF9-A904-14ACEF240536}.Release|iPhoneSimulator.Build.0 = Release|iPhoneSimulator
		{0B669CCE-325A-4AF9-A904-14ACEF240536}.Release|iPhoneSimulator.Deploy.0 = Release|iPhoneSimulator
		{0B669CCE-325A-4AF9-A904-14ACEF240536}.Release|x64.ActiveCfg = Release|iPhone
		{0B669CCE-325A-4AF9-A904-14ACEF240536}.Release|x64.Build.0 = Release|iPhone
		{0B669CCE-325A-4AF9-A904-14ACEF240536}.Release|x64.Deploy.0 = Release|iPhone
		{0B669CCE-325A-4AF9-A904-14ACEF240536}.Release|x86.ActiveCfg = Release|iPhone
		{0B669CCE-325A-4AF9-A904-14ACEF240536}.Release|x86.Build.0 = Release|iPhone
		{0B669CCE-325A-4AF9-A904-14ACEF240536}.Release|x86.Deploy.0 = Release|iPhone
		{E73CD38E-BC08-467A-A390-5AE9D8504B65}.Ad-Hoc|Any CPU.ActiveCfg = Release|x86
		{E73CD38E-BC08-467A-A390-5AE9D8504B65}.Ad-Hoc|Any CPU.Build.0 = Release|x86
		{E73CD38E-BC08-467A-A390-5AE9D8504B65}.Ad-Hoc|Any CPU.Deploy.0 = Release|x86
		{E73CD38E-BC08-467A-A390-5AE9D8504B65}.Ad-Hoc|ARM.ActiveCfg = Release|ARM
		{E73CD38E-BC08-467A-A390-5AE9D8504B65}.Ad-Hoc|ARM.Build.0 = Release|ARM
		{E73CD38E-BC08-467A-A390-5AE9D8504B65}.Ad-Hoc|ARM.Deploy.0 = Release|ARM
		{E73CD38E-BC08-467A-A390-5AE9D8504B65}.Ad-Hoc|iPhone.ActiveCfg = Release|x86
		{E73CD38E-BC08-467A-A390-5AE9D8504B65}.Ad-Hoc|iPhone.Build.0 = Release|x86
		{E73CD38E-BC08-467A-A390-5AE9D8504B65}.Ad-Hoc|iPhone.Deploy.0 = Release|x86
		{E73CD38E-BC08-467A-A390-5AE9D8504B65}.Ad-Hoc|iPhoneSimulator.ActiveCfg = Release|x86
		{E73CD38E-BC08-467A-A390-5AE9D8504B65}.Ad-Hoc|iPhoneSimulator.Build.0 = Release|x86
		{E73CD38E-BC08-467A-A390-5AE9D8504B65}.Ad-Hoc|iPhoneSimulator.Deploy.0 = Release|x86
		{E73CD38E-BC08-467A-A390-5AE9D8504B65}.Ad-Hoc|x64.ActiveCfg = Release|x64
		{E73CD38E-BC08-467A-A390-5AE9D8504B65}.Ad-Hoc|x64.Build.0 = Release|x64
		{E73CD38E-BC08-467A-A390-5AE9D8504B65}.Ad-Hoc|x64.Deploy.0 = Release|x64
		{E73CD38E-BC08-467A-A390-5AE9D8504B65}.Ad-Hoc|x86.ActiveCfg = Release|x86
		{E73CD38E-BC08-467A-A390-5AE9D8504B65}.Ad-Hoc|x86.Build.0 = Release|x86
		{E73CD38E-BC08-467A-A390-5AE9D8504B65}.Ad-Hoc|x86.Deploy.0 = Release|x86
		{E73CD38E-BC08-467A-A390-5AE9D8504B65}.AndroidDebug|Any CPU.ActiveCfg = Debug|x86
		{E73CD38E-BC08-467A-A390-5AE9D8504B65}.AndroidDebug|ARM.ActiveCfg = Debug|ARM
		{E73CD38E-BC08-467A-A390-5AE9D8504B65}.AndroidDebug|iPhone.ActiveCfg = Debug|x86
		{E73CD38E-BC08-467A-A390-5AE9D8504B65}.AndroidDebug|iPhoneSimulator.ActiveCfg = Debug|x86
		{E73CD38E-BC08-467A-A390-5AE9D8504B65}.AndroidDebug|x64.ActiveCfg = Debug|x64
		{E73CD38E-BC08-467A-A390-5AE9D8504B65}.AndroidDebug|x86.ActiveCfg = Debug|x86
		{E73CD38E-BC08-467A-A390-5AE9D8504B65}.AppStore|Any CPU.ActiveCfg = Release|x86
		{E73CD38E-BC08-467A-A390-5AE9D8504B65}.AppStore|Any CPU.Build.0 = Release|x86
		{E73CD38E-BC08-467A-A390-5AE9D8504B65}.AppStore|Any CPU.Deploy.0 = Release|x86
		{E73CD38E-BC08-467A-A390-5AE9D8504B65}.AppStore|ARM.ActiveCfg = Release|ARM
		{E73CD38E-BC08-467A-A390-5AE9D8504B65}.AppStore|ARM.Build.0 = Release|ARM
		{E73CD38E-BC08-467A-A390-5AE9D8504B65}.AppStore|ARM.Deploy.0 = Release|ARM
		{E73CD38E-BC08-467A-A390-5AE9D8504B65}.AppStore|iPhone.ActiveCfg = Release|x86
		{E73CD38E-BC08-467A-A390-5AE9D8504B65}.AppStore|iPhone.Build.0 = Release|x86
		{E73CD38E-BC08-467A-A390-5AE9D8504B65}.AppStore|iPhone.Deploy.0 = Release|x86
		{E73CD38E-BC08-467A-A390-5AE9D8504B65}.AppStore|iPhoneSimulator.ActiveCfg = Release|x86
		{E73CD38E-BC08-467A-A390-5AE9D8504B65}.AppStore|iPhoneSimulator.Build.0 = Release|x86
		{E73CD38E-BC08-467A-A390-5AE9D8504B65}.AppStore|iPhoneSimulator.Deploy.0 = Release|x86
		{E73CD38E-BC08-467A-A390-5AE9D8504B65}.AppStore|x64.ActiveCfg = Release|x64
		{E73CD38E-BC08-467A-A390-5AE9D8504B65}.AppStore|x64.Build.0 = Release|x64
		{E73CD38E-BC08-467A-A390-5AE9D8504B65}.AppStore|x64.Deploy.0 = Release|x64
		{E73CD38E-BC08-467A-A390-5AE9D8504B65}.AppStore|x86.ActiveCfg = Release|x86
		{E73CD38E-BC08-467A-A390-5AE9D8504B65}.AppStore|x86.Build.0 = Release|x86
		{E73CD38E-BC08-467A-A390-5AE9D8504B65}.AppStore|x86.Deploy.0 = Release|x86
		{E73CD38E-BC08-467A-A390-5AE9D8504B65}.Debug|Any CPU.ActiveCfg = Debug|x64
		{E73CD38E-BC08-467A-A390-5AE9D8504B65}.Debug|Any CPU.Build.0 = Debug|x64
		{E73CD38E-BC08-467A-A390-5AE9D8504B65}.Debug|Any CPU.Deploy.0 = Debug|x64
		{E73CD38E-BC08-467A-A390-5AE9D8504B65}.Debug|ARM.ActiveCfg = Debug|ARM
		{E73CD38E-BC08-467A-A390-5AE9D8504B65}.Debug|ARM.Build.0 = Debug|ARM
		{E73CD38E-BC08-467A-A390-5AE9D8504B65}.Debug|ARM.Deploy.0 = Debug|ARM
		{E73CD38E-BC08-467A-A390-5AE9D8504B65}.Debug|iPhone.ActiveCfg = Debug|x86
		{E73CD38E-BC08-467A-A390-5AE9D8504B65}.Debug|iPhone.Build.0 = Debug|x86
		{E73CD38E-BC08-467A-A390-5AE9D8504B65}.Debug|iPhone.Deploy.0 = Debug|x86
		{E73CD38E-BC08-467A-A390-5AE9D8504B65}.Debug|iPhoneSimulator.ActiveCfg = Debug|x86
		{E73CD38E-BC08-467A-A390-5AE9D8504B65}.Debug|iPhoneSimulator.Build.0 = Debug|x86
		{E73CD38E-BC08-467A-A390-5AE9D8504B65}.Debug|iPhoneSimulator.Deploy.0 = Debug|x86
		{E73CD38E-BC08-467A-A390-5AE9D8504B65}.Debug|x64.ActiveCfg = Debug|x64
		{E73CD38E-BC08-467A-A390-5AE9D8504B65}.Debug|x64.Build.0 = Debug|x64
		{E73CD38E-BC08-467A-A390-5AE9D8504B65}.Debug|x64.Deploy.0 = Debug|x64
		{E73CD38E-BC08-467A-A390-5AE9D8504B65}.Debug|x86.ActiveCfg = Debug|x86
		{E73CD38E-BC08-467A-A390-5AE9D8504B65}.Debug|x86.Build.0 = Debug|x86
		{E73CD38E-BC08-467A-A390-5AE9D8504B65}.Debug|x86.Deploy.0 = Debug|x86
		{E73CD38E-BC08-467A-A390-5AE9D8504B65}.Release|Any CPU.ActiveCfg = Release|x86
		{E73CD38E-BC08-467A-A390-5AE9D8504B65}.Release|Any CPU.Build.0 = Release|x86
		{E73CD38E-BC08-467A-A390-5AE9D8504B65}.Release|Any CPU.Deploy.0 = Release|x86
		{E73CD38E-BC08-467A-A390-5AE9D8504B65}.Release|ARM.ActiveCfg = Release|ARM
		{E73CD38E-BC08-467A-A390-5AE9D8504B65}.Release|ARM.Build.0 = Release|ARM
		{E73CD38E-BC08-467A-A390-5AE9D8504B65}.Release|ARM.Deploy.0 = Release|ARM
		{E73CD38E-BC08-467A-A390-5AE9D8504B65}.Release|iPhone.ActiveCfg = Release|x86
		{E73CD38E-BC08-467A-A390-5AE9D8504B65}.Release|iPhone.Build.0 = Release|x86
		{E73CD38E-BC08-467A-A390-5AE9D8504B65}.Release|iPhone.Deploy.0 = Release|x86
		{E73CD38E-BC08-467A-A390-5AE9D8504B65}.Release|iPhoneSimulator.ActiveCfg = Release|x86
		{E73CD38E-BC08-467A-A390-5AE9D8504B65}.Release|iPhoneSimulator.Build.0 = Release|x86
		{E73CD38E-BC08-467A-A390-5AE9D8504B65}.Release|iPhoneSimulator.Deploy.0 = Release|x86
		{E73CD38E-BC08-467A-A390-5AE9D8504B65}.Release|x64.ActiveCfg = Release|x64
		{E73CD38E-BC08-467A-A390-5AE9D8504B65}.Release|x64.Build.0 = Release|x64
		{E73CD38E-BC08-467A-A390-5AE9D8504B65}.Release|x64.Deploy.0 = Release|x64
		{E73CD38E-BC08-467A-A390-5AE9D8504B65}.Release|x86.ActiveCfg = Release|x86
		{E73CD38E-BC08-467A-A390-5AE9D8504B65}.Release|x86.Build.0 = Release|x86
		{E73CD38E-BC08-467A-A390-5AE9D8504B65}.Release|x86.Deploy.0 = Release|x86
		{AA02C58F-189E-4FA0-8CD9-BB1F15AAA60A}.Ad-Hoc|Any CPU.ActiveCfg = Release|Any CPU
		{AA02C58F-189E-4FA0-8CD9-BB1F15AAA60A}.Ad-Hoc|Any CPU.Build.0 = Release|Any CPU
		{AA02C58F-189E-4FA0-8CD9-BB1F15AAA60A}.Ad-Hoc|ARM.ActiveCfg = Release|Any CPU
		{AA02C58F-189E-4FA0-8CD9-BB1F15AAA60A}.Ad-Hoc|ARM.Build.0 = Release|Any CPU
		{AA02C58F-189E-4FA0-8CD9-BB1F15AAA60A}.Ad-Hoc|iPhone.ActiveCfg = Release|Any CPU
		{AA02C58F-189E-4FA0-8CD9-BB1F15AAA60A}.Ad-Hoc|iPhone.Build.0 = Release|Any CPU
		{AA02C58F-189E-4FA0-8CD9-BB1F15AAA60A}.Ad-Hoc|iPhoneSimulator.ActiveCfg = Release|Any CPU
		{AA02C58F-189E-4FA0-8CD9-BB1F15AAA60A}.Ad-Hoc|iPhoneSimulator.Build.0 = Release|Any CPU
		{AA02C58F-189E-4FA0-8CD9-BB1F15AAA60A}.Ad-Hoc|x64.ActiveCfg = Release|Any CPU
		{AA02C58F-189E-4FA0-8CD9-BB1F15AAA60A}.Ad-Hoc|x64.Build.0 = Release|Any CPU
		{AA02C58F-189E-4FA0-8CD9-BB1F15AAA60A}.Ad-Hoc|x86.ActiveCfg = Release|Any CPU
		{AA02C58F-189E-4FA0-8CD9-BB1F15AAA60A}.Ad-Hoc|x86.Build.0 = Release|Any CPU
		{AA02C58F-189E-4FA0-8CD9-BB1F15AAA60A}.AndroidDebug|Any CPU.ActiveCfg = AndroidDebug|Any CPU
		{AA02C58F-189E-4FA0-8CD9-BB1F15AAA60A}.AndroidDebug|ARM.ActiveCfg = AndroidDebug|Any CPU
		{AA02C58F-189E-4FA0-8CD9-BB1F15AAA60A}.AndroidDebug|ARM.Build.0 = AndroidDebug|Any CPU
		{AA02C58F-189E-4FA0-8CD9-BB1F15AAA60A}.AndroidDebug|iPhone.ActiveCfg = AndroidDebug|Any CPU
		{AA02C58F-189E-4FA0-8CD9-BB1F15AAA60A}.AndroidDebug|iPhone.Build.0 = AndroidDebug|Any CPU
		{AA02C58F-189E-4FA0-8CD9-BB1F15AAA60A}.AndroidDebug|iPhoneSimulator.ActiveCfg = AndroidDebug|Any CPU
		{AA02C58F-189E-4FA0-8CD9-BB1F15AAA60A}.AndroidDebug|iPhoneSimulator.Build.0 = AndroidDebug|Any CPU
		{AA02C58F-189E-4FA0-8CD9-BB1F15AAA60A}.AndroidDebug|x64.ActiveCfg = AndroidDebug|Any CPU
		{AA02C58F-189E-4FA0-8CD9-BB1F15AAA60A}.AndroidDebug|x64.Build.0 = AndroidDebug|Any CPU
		{AA02C58F-189E-4FA0-8CD9-BB1F15AAA60A}.AndroidDebug|x86.ActiveCfg = AndroidDebug|Any CPU
		{AA02C58F-189E-4FA0-8CD9-BB1F15AAA60A}.AndroidDebug|x86.Build.0 = AndroidDebug|Any CPU
		{AA02C58F-189E-4FA0-8CD9-BB1F15AAA60A}.AppStore|Any CPU.ActiveCfg = Release|Any CPU
		{AA02C58F-189E-4FA0-8CD9-BB1F15AAA60A}.AppStore|Any CPU.Build.0 = Release|Any CPU
		{AA02C58F-189E-4FA0-8CD9-BB1F15AAA60A}.AppStore|ARM.ActiveCfg = Release|Any CPU
		{AA02C58F-189E-4FA0-8CD9-BB1F15AAA60A}.AppStore|ARM.Build.0 = Release|Any CPU
		{AA02C58F-189E-4FA0-8CD9-BB1F15AAA60A}.AppStore|iPhone.ActiveCfg = Release|Any CPU
		{AA02C58F-189E-4FA0-8CD9-BB1F15AAA60A}.AppStore|iPhone.Build.0 = Release|Any CPU
		{AA02C58F-189E-4FA0-8CD9-BB1F15AAA60A}.AppStore|iPhoneSimulator.ActiveCfg = Release|Any CPU
		{AA02C58F-189E-4FA0-8CD9-BB1F15AAA60A}.AppStore|iPhoneSimulator.Build.0 = Release|Any CPU
		{AA02C58F-189E-4FA0-8CD9-BB1F15AAA60A}.AppStore|x64.ActiveCfg = Release|Any CPU
		{AA02C58F-189E-4FA0-8CD9-BB1F15AAA60A}.AppStore|x64.Build.0 = Release|Any CPU
		{AA02C58F-189E-4FA0-8CD9-BB1F15AAA60A}.AppStore|x86.ActiveCfg = Release|Any CPU
		{AA02C58F-189E-4FA0-8CD9-BB1F15AAA60A}.AppStore|x86.Build.0 = Release|Any CPU
		{AA02C58F-189E-4FA0-8CD9-BB1F15AAA60A}.Debug|Any CPU.ActiveCfg = Debug|Any CPU
		{AA02C58F-189E-4FA0-8CD9-BB1F15AAA60A}.Debug|Any CPU.Build.0 = Debug|Any CPU
		{AA02C58F-189E-4FA0-8CD9-BB1F15AAA60A}.Debug|ARM.ActiveCfg = Debug|Any CPU
		{AA02C58F-189E-4FA0-8CD9-BB1F15AAA60A}.Debug|ARM.Build.0 = Debug|Any CPU
		{AA02C58F-189E-4FA0-8CD9-BB1F15AAA60A}.Debug|iPhone.ActiveCfg = Debug|Any CPU
		{AA02C58F-189E-4FA0-8CD9-BB1F15AAA60A}.Debug|iPhone.Build.0 = Debug|Any CPU
		{AA02C58F-189E-4FA0-8CD9-BB1F15AAA60A}.Debug|iPhoneSimulator.ActiveCfg = Debug|Any CPU
		{AA02C58F-189E-4FA0-8CD9-BB1F15AAA60A}.Debug|iPhoneSimulator.Build.0 = Debug|Any CPU
		{AA02C58F-189E-4FA0-8CD9-BB1F15AAA60A}.Debug|x64.ActiveCfg = Debug|Any CPU
		{AA02C58F-189E-4FA0-8CD9-BB1F15AAA60A}.Debug|x64.Build.0 = Debug|Any CPU
		{AA02C58F-189E-4FA0-8CD9-BB1F15AAA60A}.Debug|x86.ActiveCfg = Debug|Any CPU
		{AA02C58F-189E-4FA0-8CD9-BB1F15AAA60A}.Debug|x86.Build.0 = Debug|Any CPU
		{AA02C58F-189E-4FA0-8CD9-BB1F15AAA60A}.Release|Any CPU.ActiveCfg = Release|Any CPU
		{AA02C58F-189E-4FA0-8CD9-BB1F15AAA60A}.Release|Any CPU.Build.0 = Release|Any CPU
		{AA02C58F-189E-4FA0-8CD9-BB1F15AAA60A}.Release|ARM.ActiveCfg = Release|Any CPU
		{AA02C58F-189E-4FA0-8CD9-BB1F15AAA60A}.Release|ARM.Build.0 = Release|Any CPU
		{AA02C58F-189E-4FA0-8CD9-BB1F15AAA60A}.Release|iPhone.ActiveCfg = Release|Any CPU
		{AA02C58F-189E-4FA0-8CD9-BB1F15AAA60A}.Release|iPhone.Build.0 = Release|Any CPU
		{AA02C58F-189E-4FA0-8CD9-BB1F15AAA60A}.Release|iPhoneSimulator.ActiveCfg = Release|Any CPU
		{AA02C58F-189E-4FA0-8CD9-BB1F15AAA60A}.Release|iPhoneSimulator.Build.0 = Release|Any CPU
		{AA02C58F-189E-4FA0-8CD9-BB1F15AAA60A}.Release|x64.ActiveCfg = Release|Any CPU
		{AA02C58F-189E-4FA0-8CD9-BB1F15AAA60A}.Release|x64.Build.0 = Release|Any CPU
		{AA02C58F-189E-4FA0-8CD9-BB1F15AAA60A}.Release|x86.ActiveCfg = Release|Any CPU
		{AA02C58F-189E-4FA0-8CD9-BB1F15AAA60A}.Release|x86.Build.0 = Release|Any CPU
		{AECD87D8-FC73-4B9F-B2C9-B0ADD2349546}.Ad-Hoc|Any CPU.ActiveCfg = Debug|Any CPU
		{AECD87D8-FC73-4B9F-B2C9-B0ADD2349546}.Ad-Hoc|Any CPU.Build.0 = Debug|Any CPU
		{AECD87D8-FC73-4B9F-B2C9-B0ADD2349546}.Ad-Hoc|Any CPU.Deploy.0 = Debug|Any CPU
		{AECD87D8-FC73-4B9F-B2C9-B0ADD2349546}.Ad-Hoc|ARM.ActiveCfg = Debug|Any CPU
		{AECD87D8-FC73-4B9F-B2C9-B0ADD2349546}.Ad-Hoc|ARM.Build.0 = Debug|Any CPU
		{AECD87D8-FC73-4B9F-B2C9-B0ADD2349546}.Ad-Hoc|ARM.Deploy.0 = Debug|Any CPU
		{AECD87D8-FC73-4B9F-B2C9-B0ADD2349546}.Ad-Hoc|iPhone.ActiveCfg = Debug|Any CPU
		{AECD87D8-FC73-4B9F-B2C9-B0ADD2349546}.Ad-Hoc|iPhone.Build.0 = Debug|Any CPU
		{AECD87D8-FC73-4B9F-B2C9-B0ADD2349546}.Ad-Hoc|iPhone.Deploy.0 = Debug|Any CPU
		{AECD87D8-FC73-4B9F-B2C9-B0ADD2349546}.Ad-Hoc|iPhoneSimulator.ActiveCfg = Debug|Any CPU
		{AECD87D8-FC73-4B9F-B2C9-B0ADD2349546}.Ad-Hoc|iPhoneSimulator.Build.0 = Debug|Any CPU
		{AECD87D8-FC73-4B9F-B2C9-B0ADD2349546}.Ad-Hoc|iPhoneSimulator.Deploy.0 = Debug|Any CPU
		{AECD87D8-FC73-4B9F-B2C9-B0ADD2349546}.Ad-Hoc|x64.ActiveCfg = Debug|Any CPU
		{AECD87D8-FC73-4B9F-B2C9-B0ADD2349546}.Ad-Hoc|x64.Build.0 = Debug|Any CPU
		{AECD87D8-FC73-4B9F-B2C9-B0ADD2349546}.Ad-Hoc|x64.Deploy.0 = Debug|Any CPU
		{AECD87D8-FC73-4B9F-B2C9-B0ADD2349546}.Ad-Hoc|x86.ActiveCfg = Debug|Any CPU
		{AECD87D8-FC73-4B9F-B2C9-B0ADD2349546}.Ad-Hoc|x86.Build.0 = Debug|Any CPU
		{AECD87D8-FC73-4B9F-B2C9-B0ADD2349546}.Ad-Hoc|x86.Deploy.0 = Debug|Any CPU
		{AECD87D8-FC73-4B9F-B2C9-B0ADD2349546}.AndroidDebug|Any CPU.ActiveCfg = AndroidDebug|Any CPU
		{AECD87D8-FC73-4B9F-B2C9-B0ADD2349546}.AndroidDebug|Any CPU.Build.0 = AndroidDebug|Any CPU
		{AECD87D8-FC73-4B9F-B2C9-B0ADD2349546}.AndroidDebug|ARM.ActiveCfg = AndroidDebug|Any CPU
		{AECD87D8-FC73-4B9F-B2C9-B0ADD2349546}.AndroidDebug|ARM.Build.0 = AndroidDebug|Any CPU
		{AECD87D8-FC73-4B9F-B2C9-B0ADD2349546}.AndroidDebug|iPhone.ActiveCfg = AndroidDebug|Any CPU
		{AECD87D8-FC73-4B9F-B2C9-B0ADD2349546}.AndroidDebug|iPhone.Build.0 = AndroidDebug|Any CPU
		{AECD87D8-FC73-4B9F-B2C9-B0ADD2349546}.AndroidDebug|iPhoneSimulator.ActiveCfg = AndroidDebug|Any CPU
		{AECD87D8-FC73-4B9F-B2C9-B0ADD2349546}.AndroidDebug|iPhoneSimulator.Build.0 = AndroidDebug|Any CPU
		{AECD87D8-FC73-4B9F-B2C9-B0ADD2349546}.AndroidDebug|x64.ActiveCfg = AndroidDebug|Any CPU
		{AECD87D8-FC73-4B9F-B2C9-B0ADD2349546}.AndroidDebug|x64.Build.0 = AndroidDebug|Any CPU
		{AECD87D8-FC73-4B9F-B2C9-B0ADD2349546}.AndroidDebug|x86.ActiveCfg = AndroidDebug|Any CPU
		{AECD87D8-FC73-4B9F-B2C9-B0ADD2349546}.AndroidDebug|x86.Build.0 = AndroidDebug|Any CPU
		{AECD87D8-FC73-4B9F-B2C9-B0ADD2349546}.AppStore|Any CPU.ActiveCfg = Debug|Any CPU
		{AECD87D8-FC73-4B9F-B2C9-B0ADD2349546}.AppStore|Any CPU.Build.0 = Debug|Any CPU
		{AECD87D8-FC73-4B9F-B2C9-B0ADD2349546}.AppStore|Any CPU.Deploy.0 = Debug|Any CPU
		{AECD87D8-FC73-4B9F-B2C9-B0ADD2349546}.AppStore|ARM.ActiveCfg = Debug|Any CPU
		{AECD87D8-FC73-4B9F-B2C9-B0ADD2349546}.AppStore|ARM.Build.0 = Debug|Any CPU
		{AECD87D8-FC73-4B9F-B2C9-B0ADD2349546}.AppStore|ARM.Deploy.0 = Debug|Any CPU
		{AECD87D8-FC73-4B9F-B2C9-B0ADD2349546}.AppStore|iPhone.ActiveCfg = Debug|Any CPU
		{AECD87D8-FC73-4B9F-B2C9-B0ADD2349546}.AppStore|iPhone.Build.0 = Debug|Any CPU
		{AECD87D8-FC73-4B9F-B2C9-B0ADD2349546}.AppStore|iPhone.Deploy.0 = Debug|Any CPU
		{AECD87D8-FC73-4B9F-B2C9-B0ADD2349546}.AppStore|iPhoneSimulator.ActiveCfg = Debug|Any CPU
		{AECD87D8-FC73-4B9F-B2C9-B0ADD2349546}.AppStore|iPhoneSimulator.Build.0 = Debug|Any CPU
		{AECD87D8-FC73-4B9F-B2C9-B0ADD2349546}.AppStore|iPhoneSimulator.Deploy.0 = Debug|Any CPU
		{AECD87D8-FC73-4B9F-B2C9-B0ADD2349546}.AppStore|x64.ActiveCfg = Debug|Any CPU
		{AECD87D8-FC73-4B9F-B2C9-B0ADD2349546}.AppStore|x64.Build.0 = Debug|Any CPU
		{AECD87D8-FC73-4B9F-B2C9-B0ADD2349546}.AppStore|x64.Deploy.0 = Debug|Any CPU
		{AECD87D8-FC73-4B9F-B2C9-B0ADD2349546}.AppStore|x86.ActiveCfg = Debug|Any CPU
		{AECD87D8-FC73-4B9F-B2C9-B0ADD2349546}.AppStore|x86.Build.0 = Debug|Any CPU
		{AECD87D8-FC73-4B9F-B2C9-B0ADD2349546}.AppStore|x86.Deploy.0 = Debug|Any CPU
		{AECD87D8-FC73-4B9F-B2C9-B0ADD2349546}.Debug|Any CPU.ActiveCfg = Debug|Any CPU
		{AECD87D8-FC73-4B9F-B2C9-B0ADD2349546}.Debug|Any CPU.Build.0 = Debug|Any CPU
		{AECD87D8-FC73-4B9F-B2C9-B0ADD2349546}.Debug|Any CPU.Deploy.0 = Debug|Any CPU
		{AECD87D8-FC73-4B9F-B2C9-B0ADD2349546}.Debug|ARM.ActiveCfg = Debug|Any CPU
		{AECD87D8-FC73-4B9F-B2C9-B0ADD2349546}.Debug|ARM.Build.0 = Debug|Any CPU
		{AECD87D8-FC73-4B9F-B2C9-B0ADD2349546}.Debug|ARM.Deploy.0 = Debug|Any CPU
		{AECD87D8-FC73-4B9F-B2C9-B0ADD2349546}.Debug|iPhone.ActiveCfg = Debug|Any CPU
		{AECD87D8-FC73-4B9F-B2C9-B0ADD2349546}.Debug|iPhone.Build.0 = Debug|Any CPU
		{AECD87D8-FC73-4B9F-B2C9-B0ADD2349546}.Debug|iPhone.Deploy.0 = Debug|Any CPU
		{AECD87D8-FC73-4B9F-B2C9-B0ADD2349546}.Debug|iPhoneSimulator.ActiveCfg = Debug|Any CPU
		{AECD87D8-FC73-4B9F-B2C9-B0ADD2349546}.Debug|iPhoneSimulator.Build.0 = Debug|Any CPU
		{AECD87D8-FC73-4B9F-B2C9-B0ADD2349546}.Debug|iPhoneSimulator.Deploy.0 = Debug|Any CPU
		{AECD87D8-FC73-4B9F-B2C9-B0ADD2349546}.Debug|x64.ActiveCfg = Debug|Any CPU
		{AECD87D8-FC73-4B9F-B2C9-B0ADD2349546}.Debug|x64.Build.0 = Debug|Any CPU
		{AECD87D8-FC73-4B9F-B2C9-B0ADD2349546}.Debug|x64.Deploy.0 = Debug|Any CPU
		{AECD87D8-FC73-4B9F-B2C9-B0ADD2349546}.Debug|x86.ActiveCfg = Debug|Any CPU
		{AECD87D8-FC73-4B9F-B2C9-B0ADD2349546}.Debug|x86.Build.0 = Debug|Any CPU
		{AECD87D8-FC73-4B9F-B2C9-B0ADD2349546}.Debug|x86.Deploy.0 = Debug|Any CPU
		{AECD87D8-FC73-4B9F-B2C9-B0ADD2349546}.Release|Any CPU.ActiveCfg = Release|Any CPU
		{AECD87D8-FC73-4B9F-B2C9-B0ADD2349546}.Release|Any CPU.Build.0 = Release|Any CPU
		{AECD87D8-FC73-4B9F-B2C9-B0ADD2349546}.Release|Any CPU.Deploy.0 = Release|Any CPU
		{AECD87D8-FC73-4B9F-B2C9-B0ADD2349546}.Release|ARM.ActiveCfg = Release|Any CPU
		{AECD87D8-FC73-4B9F-B2C9-B0ADD2349546}.Release|ARM.Build.0 = Release|Any CPU
		{AECD87D8-FC73-4B9F-B2C9-B0ADD2349546}.Release|ARM.Deploy.0 = Release|Any CPU
		{AECD87D8-FC73-4B9F-B2C9-B0ADD2349546}.Release|iPhone.ActiveCfg = Release|Any CPU
		{AECD87D8-FC73-4B9F-B2C9-B0ADD2349546}.Release|iPhone.Build.0 = Release|Any CPU
		{AECD87D8-FC73-4B9F-B2C9-B0ADD2349546}.Release|iPhone.Deploy.0 = Release|Any CPU
		{AECD87D8-FC73-4B9F-B2C9-B0ADD2349546}.Release|iPhoneSimulator.ActiveCfg = Release|Any CPU
		{AECD87D8-FC73-4B9F-B2C9-B0ADD2349546}.Release|iPhoneSimulator.Build.0 = Release|Any CPU
		{AECD87D8-FC73-4B9F-B2C9-B0ADD2349546}.Release|iPhoneSimulator.Deploy.0 = Release|Any CPU
		{AECD87D8-FC73-4B9F-B2C9-B0ADD2349546}.Release|x64.ActiveCfg = Release|Any CPU
		{AECD87D8-FC73-4B9F-B2C9-B0ADD2349546}.Release|x64.Build.0 = Release|Any CPU
		{AECD87D8-FC73-4B9F-B2C9-B0ADD2349546}.Release|x64.Deploy.0 = Release|Any CPU
		{AECD87D8-FC73-4B9F-B2C9-B0ADD2349546}.Release|x86.ActiveCfg = Release|Any CPU
		{AECD87D8-FC73-4B9F-B2C9-B0ADD2349546}.Release|x86.Build.0 = Release|Any CPU
		{AECD87D8-FC73-4B9F-B2C9-B0ADD2349546}.Release|x86.Deploy.0 = Release|Any CPU
		{D92C7366-693D-483C-9729-20479EFE2826}.Ad-Hoc|Any CPU.ActiveCfg = Release|Any CPU
		{D92C7366-693D-483C-9729-20479EFE2826}.Ad-Hoc|Any CPU.Build.0 = Release|Any CPU
		{D92C7366-693D-483C-9729-20479EFE2826}.Ad-Hoc|ARM.ActiveCfg = Release|Any CPU
		{D92C7366-693D-483C-9729-20479EFE2826}.Ad-Hoc|ARM.Build.0 = Release|Any CPU
		{D92C7366-693D-483C-9729-20479EFE2826}.Ad-Hoc|iPhone.ActiveCfg = Release|Any CPU
		{D92C7366-693D-483C-9729-20479EFE2826}.Ad-Hoc|iPhone.Build.0 = Release|Any CPU
		{D92C7366-693D-483C-9729-20479EFE2826}.Ad-Hoc|iPhoneSimulator.ActiveCfg = Release|Any CPU
		{D92C7366-693D-483C-9729-20479EFE2826}.Ad-Hoc|iPhoneSimulator.Build.0 = Release|Any CPU
		{D92C7366-693D-483C-9729-20479EFE2826}.Ad-Hoc|x64.ActiveCfg = Release|Any CPU
		{D92C7366-693D-483C-9729-20479EFE2826}.Ad-Hoc|x64.Build.0 = Release|Any CPU
		{D92C7366-693D-483C-9729-20479EFE2826}.Ad-Hoc|x86.ActiveCfg = Release|Any CPU
		{D92C7366-693D-483C-9729-20479EFE2826}.Ad-Hoc|x86.Build.0 = Release|Any CPU
		{D92C7366-693D-483C-9729-20479EFE2826}.AndroidDebug|Any CPU.ActiveCfg = AndroidDebug|Any CPU
		{D92C7366-693D-483C-9729-20479EFE2826}.AndroidDebug|ARM.ActiveCfg = AndroidDebug|Any CPU
		{D92C7366-693D-483C-9729-20479EFE2826}.AndroidDebug|ARM.Build.0 = AndroidDebug|Any CPU
		{D92C7366-693D-483C-9729-20479EFE2826}.AndroidDebug|iPhone.ActiveCfg = AndroidDebug|Any CPU
		{D92C7366-693D-483C-9729-20479EFE2826}.AndroidDebug|iPhone.Build.0 = AndroidDebug|Any CPU
		{D92C7366-693D-483C-9729-20479EFE2826}.AndroidDebug|iPhoneSimulator.ActiveCfg = AndroidDebug|Any CPU
		{D92C7366-693D-483C-9729-20479EFE2826}.AndroidDebug|iPhoneSimulator.Build.0 = AndroidDebug|Any CPU
		{D92C7366-693D-483C-9729-20479EFE2826}.AndroidDebug|x64.ActiveCfg = AndroidDebug|Any CPU
		{D92C7366-693D-483C-9729-20479EFE2826}.AndroidDebug|x64.Build.0 = AndroidDebug|Any CPU
		{D92C7366-693D-483C-9729-20479EFE2826}.AndroidDebug|x86.ActiveCfg = AndroidDebug|Any CPU
		{D92C7366-693D-483C-9729-20479EFE2826}.AndroidDebug|x86.Build.0 = AndroidDebug|Any CPU
		{D92C7366-693D-483C-9729-20479EFE2826}.AppStore|Any CPU.ActiveCfg = Release|Any CPU
		{D92C7366-693D-483C-9729-20479EFE2826}.AppStore|Any CPU.Build.0 = Release|Any CPU
		{D92C7366-693D-483C-9729-20479EFE2826}.AppStore|ARM.ActiveCfg = Release|Any CPU
		{D92C7366-693D-483C-9729-20479EFE2826}.AppStore|ARM.Build.0 = Release|Any CPU
		{D92C7366-693D-483C-9729-20479EFE2826}.AppStore|iPhone.ActiveCfg = Release|Any CPU
		{D92C7366-693D-483C-9729-20479EFE2826}.AppStore|iPhone.Build.0 = Release|Any CPU
		{D92C7366-693D-483C-9729-20479EFE2826}.AppStore|iPhoneSimulator.ActiveCfg = Release|Any CPU
		{D92C7366-693D-483C-9729-20479EFE2826}.AppStore|iPhoneSimulator.Build.0 = Release|Any CPU
		{D92C7366-693D-483C-9729-20479EFE2826}.AppStore|x64.ActiveCfg = Release|Any CPU
		{D92C7366-693D-483C-9729-20479EFE2826}.AppStore|x64.Build.0 = Release|Any CPU
		{D92C7366-693D-483C-9729-20479EFE2826}.AppStore|x86.ActiveCfg = Release|Any CPU
		{D92C7366-693D-483C-9729-20479EFE2826}.AppStore|x86.Build.0 = Release|Any CPU
		{D92C7366-693D-483C-9729-20479EFE2826}.Debug|Any CPU.ActiveCfg = Debug|Any CPU
		{D92C7366-693D-483C-9729-20479EFE2826}.Debug|Any CPU.Build.0 = Debug|Any CPU
		{D92C7366-693D-483C-9729-20479EFE2826}.Debug|ARM.ActiveCfg = Debug|Any CPU
		{D92C7366-693D-483C-9729-20479EFE2826}.Debug|ARM.Build.0 = Debug|Any CPU
		{D92C7366-693D-483C-9729-20479EFE2826}.Debug|iPhone.ActiveCfg = Debug|Any CPU
		{D92C7366-693D-483C-9729-20479EFE2826}.Debug|iPhone.Build.0 = Debug|Any CPU
		{D92C7366-693D-483C-9729-20479EFE2826}.Debug|iPhoneSimulator.ActiveCfg = Debug|Any CPU
		{D92C7366-693D-483C-9729-20479EFE2826}.Debug|iPhoneSimulator.Build.0 = Debug|Any CPU
		{D92C7366-693D-483C-9729-20479EFE2826}.Debug|x64.ActiveCfg = Debug|Any CPU
		{D92C7366-693D-483C-9729-20479EFE2826}.Debug|x64.Build.0 = Debug|Any CPU
		{D92C7366-693D-483C-9729-20479EFE2826}.Debug|x86.ActiveCfg = Debug|Any CPU
		{D92C7366-693D-483C-9729-20479EFE2826}.Debug|x86.Build.0 = Debug|Any CPU
		{D92C7366-693D-483C-9729-20479EFE2826}.Release|Any CPU.ActiveCfg = Release|Any CPU
		{D92C7366-693D-483C-9729-20479EFE2826}.Release|Any CPU.Build.0 = Release|Any CPU
		{D92C7366-693D-483C-9729-20479EFE2826}.Release|ARM.ActiveCfg = Release|Any CPU
		{D92C7366-693D-483C-9729-20479EFE2826}.Release|ARM.Build.0 = Release|Any CPU
		{D92C7366-693D-483C-9729-20479EFE2826}.Release|iPhone.ActiveCfg = Release|Any CPU
		{D92C7366-693D-483C-9729-20479EFE2826}.Release|iPhone.Build.0 = Release|Any CPU
		{D92C7366-693D-483C-9729-20479EFE2826}.Release|iPhoneSimulator.ActiveCfg = Release|Any CPU
		{D92C7366-693D-483C-9729-20479EFE2826}.Release|iPhoneSimulator.Build.0 = Release|Any CPU
		{D92C7366-693D-483C-9729-20479EFE2826}.Release|x64.ActiveCfg = Release|Any CPU
		{D92C7366-693D-483C-9729-20479EFE2826}.Release|x64.Build.0 = Release|Any CPU
		{D92C7366-693D-483C-9729-20479EFE2826}.Release|x86.ActiveCfg = Release|Any CPU
		{D92C7366-693D-483C-9729-20479EFE2826}.Release|x86.Build.0 = Release|Any CPU
		{F36E688C-82C7-441F-9FFF-9564CDF19B8C}.Ad-Hoc|Any CPU.ActiveCfg = Release|Any CPU
		{F36E688C-82C7-441F-9FFF-9564CDF19B8C}.Ad-Hoc|Any CPU.Build.0 = Release|Any CPU
		{F36E688C-82C7-441F-9FFF-9564CDF19B8C}.Ad-Hoc|ARM.ActiveCfg = Release|Any CPU
		{F36E688C-82C7-441F-9FFF-9564CDF19B8C}.Ad-Hoc|ARM.Build.0 = Release|Any CPU
		{F36E688C-82C7-441F-9FFF-9564CDF19B8C}.Ad-Hoc|iPhone.ActiveCfg = Release|Any CPU
		{F36E688C-82C7-441F-9FFF-9564CDF19B8C}.Ad-Hoc|iPhone.Build.0 = Release|Any CPU
		{F36E688C-82C7-441F-9FFF-9564CDF19B8C}.Ad-Hoc|iPhoneSimulator.ActiveCfg = Release|Any CPU
		{F36E688C-82C7-441F-9FFF-9564CDF19B8C}.Ad-Hoc|iPhoneSimulator.Build.0 = Release|Any CPU
		{F36E688C-82C7-441F-9FFF-9564CDF19B8C}.Ad-Hoc|x64.ActiveCfg = Release|Any CPU
		{F36E688C-82C7-441F-9FFF-9564CDF19B8C}.Ad-Hoc|x64.Build.0 = Release|Any CPU
		{F36E688C-82C7-441F-9FFF-9564CDF19B8C}.Ad-Hoc|x86.ActiveCfg = Release|Any CPU
		{F36E688C-82C7-441F-9FFF-9564CDF19B8C}.Ad-Hoc|x86.Build.0 = Release|Any CPU
		{F36E688C-82C7-441F-9FFF-9564CDF19B8C}.AndroidDebug|Any CPU.ActiveCfg = AndroidDebug|Any CPU
		{F36E688C-82C7-441F-9FFF-9564CDF19B8C}.AndroidDebug|ARM.ActiveCfg = AndroidDebug|Any CPU
		{F36E688C-82C7-441F-9FFF-9564CDF19B8C}.AndroidDebug|ARM.Build.0 = AndroidDebug|Any CPU
		{F36E688C-82C7-441F-9FFF-9564CDF19B8C}.AndroidDebug|iPhone.ActiveCfg = AndroidDebug|Any CPU
		{F36E688C-82C7-441F-9FFF-9564CDF19B8C}.AndroidDebug|iPhone.Build.0 = AndroidDebug|Any CPU
		{F36E688C-82C7-441F-9FFF-9564CDF19B8C}.AndroidDebug|iPhoneSimulator.ActiveCfg = AndroidDebug|Any CPU
		{F36E688C-82C7-441F-9FFF-9564CDF19B8C}.AndroidDebug|iPhoneSimulator.Build.0 = AndroidDebug|Any CPU
		{F36E688C-82C7-441F-9FFF-9564CDF19B8C}.AndroidDebug|x64.ActiveCfg = AndroidDebug|Any CPU
		{F36E688C-82C7-441F-9FFF-9564CDF19B8C}.AndroidDebug|x64.Build.0 = AndroidDebug|Any CPU
		{F36E688C-82C7-441F-9FFF-9564CDF19B8C}.AndroidDebug|x86.ActiveCfg = AndroidDebug|Any CPU
		{F36E688C-82C7-441F-9FFF-9564CDF19B8C}.AndroidDebug|x86.Build.0 = AndroidDebug|Any CPU
		{F36E688C-82C7-441F-9FFF-9564CDF19B8C}.AppStore|Any CPU.ActiveCfg = Release|Any CPU
		{F36E688C-82C7-441F-9FFF-9564CDF19B8C}.AppStore|Any CPU.Build.0 = Release|Any CPU
		{F36E688C-82C7-441F-9FFF-9564CDF19B8C}.AppStore|ARM.ActiveCfg = Release|Any CPU
		{F36E688C-82C7-441F-9FFF-9564CDF19B8C}.AppStore|ARM.Build.0 = Release|Any CPU
		{F36E688C-82C7-441F-9FFF-9564CDF19B8C}.AppStore|iPhone.ActiveCfg = Release|Any CPU
		{F36E688C-82C7-441F-9FFF-9564CDF19B8C}.AppStore|iPhone.Build.0 = Release|Any CPU
		{F36E688C-82C7-441F-9FFF-9564CDF19B8C}.AppStore|iPhoneSimulator.ActiveCfg = Release|Any CPU
		{F36E688C-82C7-441F-9FFF-9564CDF19B8C}.AppStore|iPhoneSimulator.Build.0 = Release|Any CPU
		{F36E688C-82C7-441F-9FFF-9564CDF19B8C}.AppStore|x64.ActiveCfg = Release|Any CPU
		{F36E688C-82C7-441F-9FFF-9564CDF19B8C}.AppStore|x64.Build.0 = Release|Any CPU
		{F36E688C-82C7-441F-9FFF-9564CDF19B8C}.AppStore|x86.ActiveCfg = Release|Any CPU
		{F36E688C-82C7-441F-9FFF-9564CDF19B8C}.AppStore|x86.Build.0 = Release|Any CPU
		{F36E688C-82C7-441F-9FFF-9564CDF19B8C}.Debug|Any CPU.ActiveCfg = Debug|Any CPU
		{F36E688C-82C7-441F-9FFF-9564CDF19B8C}.Debug|Any CPU.Build.0 = Debug|Any CPU
		{F36E688C-82C7-441F-9FFF-9564CDF19B8C}.Debug|ARM.ActiveCfg = Debug|Any CPU
		{F36E688C-82C7-441F-9FFF-9564CDF19B8C}.Debug|ARM.Build.0 = Debug|Any CPU
		{F36E688C-82C7-441F-9FFF-9564CDF19B8C}.Debug|iPhone.ActiveCfg = Debug|Any CPU
		{F36E688C-82C7-441F-9FFF-9564CDF19B8C}.Debug|iPhone.Build.0 = Debug|Any CPU
		{F36E688C-82C7-441F-9FFF-9564CDF19B8C}.Debug|iPhoneSimulator.ActiveCfg = Debug|Any CPU
		{F36E688C-82C7-441F-9FFF-9564CDF19B8C}.Debug|iPhoneSimulator.Build.0 = Debug|Any CPU
		{F36E688C-82C7-441F-9FFF-9564CDF19B8C}.Debug|x64.ActiveCfg = Debug|Any CPU
		{F36E688C-82C7-441F-9FFF-9564CDF19B8C}.Debug|x64.Build.0 = Debug|Any CPU
		{F36E688C-82C7-441F-9FFF-9564CDF19B8C}.Debug|x86.ActiveCfg = Debug|Any CPU
		{F36E688C-82C7-441F-9FFF-9564CDF19B8C}.Debug|x86.Build.0 = Debug|Any CPU
		{F36E688C-82C7-441F-9FFF-9564CDF19B8C}.Release|Any CPU.ActiveCfg = Release|Any CPU
		{F36E688C-82C7-441F-9FFF-9564CDF19B8C}.Release|Any CPU.Build.0 = Release|Any CPU
		{F36E688C-82C7-441F-9FFF-9564CDF19B8C}.Release|ARM.ActiveCfg = Release|Any CPU
		{F36E688C-82C7-441F-9FFF-9564CDF19B8C}.Release|ARM.Build.0 = Release|Any CPU
		{F36E688C-82C7-441F-9FFF-9564CDF19B8C}.Release|iPhone.ActiveCfg = Release|Any CPU
		{F36E688C-82C7-441F-9FFF-9564CDF19B8C}.Release|iPhone.Build.0 = Release|Any CPU
		{F36E688C-82C7-441F-9FFF-9564CDF19B8C}.Release|iPhoneSimulator.ActiveCfg = Release|Any CPU
		{F36E688C-82C7-441F-9FFF-9564CDF19B8C}.Release|iPhoneSimulator.Build.0 = Release|Any CPU
		{F36E688C-82C7-441F-9FFF-9564CDF19B8C}.Release|x64.ActiveCfg = Release|Any CPU
		{F36E688C-82C7-441F-9FFF-9564CDF19B8C}.Release|x64.Build.0 = Release|Any CPU
		{F36E688C-82C7-441F-9FFF-9564CDF19B8C}.Release|x86.ActiveCfg = Release|Any CPU
		{F36E688C-82C7-441F-9FFF-9564CDF19B8C}.Release|x86.Build.0 = Release|Any CPU
		{E67B97CF-5F2B-4BC0-AAC4-85F4F6F613F2}.Ad-Hoc|Any CPU.ActiveCfg = Debug|Any CPU
		{E67B97CF-5F2B-4BC0-AAC4-85F4F6F613F2}.Ad-Hoc|Any CPU.Build.0 = Debug|Any CPU
		{E67B97CF-5F2B-4BC0-AAC4-85F4F6F613F2}.Ad-Hoc|ARM.ActiveCfg = Debug|Any CPU
		{E67B97CF-5F2B-4BC0-AAC4-85F4F6F613F2}.Ad-Hoc|ARM.Build.0 = Debug|Any CPU
		{E67B97CF-5F2B-4BC0-AAC4-85F4F6F613F2}.Ad-Hoc|iPhone.ActiveCfg = Debug|Any CPU
		{E67B97CF-5F2B-4BC0-AAC4-85F4F6F613F2}.Ad-Hoc|iPhone.Build.0 = Debug|Any CPU
		{E67B97CF-5F2B-4BC0-AAC4-85F4F6F613F2}.Ad-Hoc|iPhoneSimulator.ActiveCfg = Debug|Any CPU
		{E67B97CF-5F2B-4BC0-AAC4-85F4F6F613F2}.Ad-Hoc|iPhoneSimulator.Build.0 = Debug|Any CPU
		{E67B97CF-5F2B-4BC0-AAC4-85F4F6F613F2}.Ad-Hoc|x64.ActiveCfg = Debug|Any CPU
		{E67B97CF-5F2B-4BC0-AAC4-85F4F6F613F2}.Ad-Hoc|x64.Build.0 = Debug|Any CPU
		{E67B97CF-5F2B-4BC0-AAC4-85F4F6F613F2}.Ad-Hoc|x86.ActiveCfg = Debug|Any CPU
		{E67B97CF-5F2B-4BC0-AAC4-85F4F6F613F2}.Ad-Hoc|x86.Build.0 = Debug|Any CPU
		{E67B97CF-5F2B-4BC0-AAC4-85F4F6F613F2}.AndroidDebug|Any CPU.ActiveCfg = AndroidDebug|Any CPU
		{E67B97CF-5F2B-4BC0-AAC4-85F4F6F613F2}.AndroidDebug|Any CPU.Build.0 = AndroidDebug|Any CPU
		{E67B97CF-5F2B-4BC0-AAC4-85F4F6F613F2}.AndroidDebug|ARM.ActiveCfg = AndroidDebug|Any CPU
		{E67B97CF-5F2B-4BC0-AAC4-85F4F6F613F2}.AndroidDebug|ARM.Build.0 = AndroidDebug|Any CPU
		{E67B97CF-5F2B-4BC0-AAC4-85F4F6F613F2}.AndroidDebug|iPhone.ActiveCfg = AndroidDebug|Any CPU
		{E67B97CF-5F2B-4BC0-AAC4-85F4F6F613F2}.AndroidDebug|iPhone.Build.0 = AndroidDebug|Any CPU
		{E67B97CF-5F2B-4BC0-AAC4-85F4F6F613F2}.AndroidDebug|iPhoneSimulator.ActiveCfg = AndroidDebug|Any CPU
		{E67B97CF-5F2B-4BC0-AAC4-85F4F6F613F2}.AndroidDebug|iPhoneSimulator.Build.0 = AndroidDebug|Any CPU
		{E67B97CF-5F2B-4BC0-AAC4-85F4F6F613F2}.AndroidDebug|x64.ActiveCfg = AndroidDebug|Any CPU
		{E67B97CF-5F2B-4BC0-AAC4-85F4F6F613F2}.AndroidDebug|x64.Build.0 = AndroidDebug|Any CPU
		{E67B97CF-5F2B-4BC0-AAC4-85F4F6F613F2}.AndroidDebug|x86.ActiveCfg = AndroidDebug|Any CPU
		{E67B97CF-5F2B-4BC0-AAC4-85F4F6F613F2}.AndroidDebug|x86.Build.0 = AndroidDebug|Any CPU
		{E67B97CF-5F2B-4BC0-AAC4-85F4F6F613F2}.AppStore|Any CPU.ActiveCfg = Debug|Any CPU
		{E67B97CF-5F2B-4BC0-AAC4-85F4F6F613F2}.AppStore|Any CPU.Build.0 = Debug|Any CPU
		{E67B97CF-5F2B-4BC0-AAC4-85F4F6F613F2}.AppStore|ARM.ActiveCfg = Debug|Any CPU
		{E67B97CF-5F2B-4BC0-AAC4-85F4F6F613F2}.AppStore|ARM.Build.0 = Debug|Any CPU
		{E67B97CF-5F2B-4BC0-AAC4-85F4F6F613F2}.AppStore|iPhone.ActiveCfg = Debug|Any CPU
		{E67B97CF-5F2B-4BC0-AAC4-85F4F6F613F2}.AppStore|iPhone.Build.0 = Debug|Any CPU
		{E67B97CF-5F2B-4BC0-AAC4-85F4F6F613F2}.AppStore|iPhoneSimulator.ActiveCfg = Debug|Any CPU
		{E67B97CF-5F2B-4BC0-AAC4-85F4F6F613F2}.AppStore|iPhoneSimulator.Build.0 = Debug|Any CPU
		{E67B97CF-5F2B-4BC0-AAC4-85F4F6F613F2}.AppStore|x64.ActiveCfg = Debug|Any CPU
		{E67B97CF-5F2B-4BC0-AAC4-85F4F6F613F2}.AppStore|x64.Build.0 = Debug|Any CPU
		{E67B97CF-5F2B-4BC0-AAC4-85F4F6F613F2}.AppStore|x86.ActiveCfg = Debug|Any CPU
		{E67B97CF-5F2B-4BC0-AAC4-85F4F6F613F2}.AppStore|x86.Build.0 = Debug|Any CPU
		{E67B97CF-5F2B-4BC0-AAC4-85F4F6F613F2}.Debug|Any CPU.ActiveCfg = Debug|Any CPU
		{E67B97CF-5F2B-4BC0-AAC4-85F4F6F613F2}.Debug|Any CPU.Build.0 = Debug|Any CPU
		{E67B97CF-5F2B-4BC0-AAC4-85F4F6F613F2}.Debug|ARM.ActiveCfg = Debug|Any CPU
		{E67B97CF-5F2B-4BC0-AAC4-85F4F6F613F2}.Debug|ARM.Build.0 = Debug|Any CPU
		{E67B97CF-5F2B-4BC0-AAC4-85F4F6F613F2}.Debug|iPhone.ActiveCfg = Debug|Any CPU
		{E67B97CF-5F2B-4BC0-AAC4-85F4F6F613F2}.Debug|iPhone.Build.0 = Debug|Any CPU
		{E67B97CF-5F2B-4BC0-AAC4-85F4F6F613F2}.Debug|iPhoneSimulator.ActiveCfg = Debug|Any CPU
		{E67B97CF-5F2B-4BC0-AAC4-85F4F6F613F2}.Debug|iPhoneSimulator.Build.0 = Debug|Any CPU
		{E67B97CF-5F2B-4BC0-AAC4-85F4F6F613F2}.Debug|x64.ActiveCfg = Debug|Any CPU
		{E67B97CF-5F2B-4BC0-AAC4-85F4F6F613F2}.Debug|x64.Build.0 = Debug|Any CPU
		{E67B97CF-5F2B-4BC0-AAC4-85F4F6F613F2}.Debug|x86.ActiveCfg = Debug|Any CPU
		{E67B97CF-5F2B-4BC0-AAC4-85F4F6F613F2}.Debug|x86.Build.0 = Debug|Any CPU
		{E67B97CF-5F2B-4BC0-AAC4-85F4F6F613F2}.Release|Any CPU.ActiveCfg = Release|Any CPU
		{E67B97CF-5F2B-4BC0-AAC4-85F4F6F613F2}.Release|Any CPU.Build.0 = Release|Any CPU
		{E67B97CF-5F2B-4BC0-AAC4-85F4F6F613F2}.Release|ARM.ActiveCfg = Release|Any CPU
		{E67B97CF-5F2B-4BC0-AAC4-85F4F6F613F2}.Release|ARM.Build.0 = Release|Any CPU
		{E67B97CF-5F2B-4BC0-AAC4-85F4F6F613F2}.Release|iPhone.ActiveCfg = Release|Any CPU
		{E67B97CF-5F2B-4BC0-AAC4-85F4F6F613F2}.Release|iPhone.Build.0 = Release|Any CPU
		{E67B97CF-5F2B-4BC0-AAC4-85F4F6F613F2}.Release|iPhoneSimulator.ActiveCfg = Release|Any CPU
		{E67B97CF-5F2B-4BC0-AAC4-85F4F6F613F2}.Release|iPhoneSimulator.Build.0 = Release|Any CPU
		{E67B97CF-5F2B-4BC0-AAC4-85F4F6F613F2}.Release|x64.ActiveCfg = Release|Any CPU
		{E67B97CF-5F2B-4BC0-AAC4-85F4F6F613F2}.Release|x64.Build.0 = Release|Any CPU
		{E67B97CF-5F2B-4BC0-AAC4-85F4F6F613F2}.Release|x86.ActiveCfg = Release|Any CPU
		{E67B97CF-5F2B-4BC0-AAC4-85F4F6F613F2}.Release|x86.Build.0 = Release|Any CPU
		{5C4CD3B0-FD2E-482E-A364-2BBA0603065E}.Ad-Hoc|Any CPU.ActiveCfg = Release|Any CPU
		{5C4CD3B0-FD2E-482E-A364-2BBA0603065E}.Ad-Hoc|Any CPU.Build.0 = Release|Any CPU
		{5C4CD3B0-FD2E-482E-A364-2BBA0603065E}.Ad-Hoc|ARM.ActiveCfg = Release|ARM
		{5C4CD3B0-FD2E-482E-A364-2BBA0603065E}.Ad-Hoc|ARM.Build.0 = Release|ARM
		{5C4CD3B0-FD2E-482E-A364-2BBA0603065E}.Ad-Hoc|iPhone.ActiveCfg = Release|Any CPU
		{5C4CD3B0-FD2E-482E-A364-2BBA0603065E}.Ad-Hoc|iPhone.Build.0 = Release|Any CPU
		{5C4CD3B0-FD2E-482E-A364-2BBA0603065E}.Ad-Hoc|iPhoneSimulator.ActiveCfg = Release|Any CPU
		{5C4CD3B0-FD2E-482E-A364-2BBA0603065E}.Ad-Hoc|iPhoneSimulator.Build.0 = Release|Any CPU
		{5C4CD3B0-FD2E-482E-A364-2BBA0603065E}.Ad-Hoc|x64.ActiveCfg = Release|x64
		{5C4CD3B0-FD2E-482E-A364-2BBA0603065E}.Ad-Hoc|x64.Build.0 = Release|x64
		{5C4CD3B0-FD2E-482E-A364-2BBA0603065E}.Ad-Hoc|x86.ActiveCfg = Release|x86
		{5C4CD3B0-FD2E-482E-A364-2BBA0603065E}.Ad-Hoc|x86.Build.0 = Release|x86
		{5C4CD3B0-FD2E-482E-A364-2BBA0603065E}.AndroidDebug|Any CPU.ActiveCfg = AndroidDebug|Any CPU
		{5C4CD3B0-FD2E-482E-A364-2BBA0603065E}.AndroidDebug|ARM.ActiveCfg = AndroidDebug|ARM
		{5C4CD3B0-FD2E-482E-A364-2BBA0603065E}.AndroidDebug|ARM.Build.0 = AndroidDebug|ARM
		{5C4CD3B0-FD2E-482E-A364-2BBA0603065E}.AndroidDebug|iPhone.ActiveCfg = AndroidDebug|Any CPU
		{5C4CD3B0-FD2E-482E-A364-2BBA0603065E}.AndroidDebug|iPhone.Build.0 = AndroidDebug|Any CPU
		{5C4CD3B0-FD2E-482E-A364-2BBA0603065E}.AndroidDebug|iPhoneSimulator.ActiveCfg = AndroidDebug|Any CPU
		{5C4CD3B0-FD2E-482E-A364-2BBA0603065E}.AndroidDebug|iPhoneSimulator.Build.0 = AndroidDebug|Any CPU
		{5C4CD3B0-FD2E-482E-A364-2BBA0603065E}.AndroidDebug|x64.ActiveCfg = AndroidDebug|x64
		{5C4CD3B0-FD2E-482E-A364-2BBA0603065E}.AndroidDebug|x64.Build.0 = AndroidDebug|x64
		{5C4CD3B0-FD2E-482E-A364-2BBA0603065E}.AndroidDebug|x86.ActiveCfg = AndroidDebug|x86
		{5C4CD3B0-FD2E-482E-A364-2BBA0603065E}.AndroidDebug|x86.Build.0 = AndroidDebug|x86
		{5C4CD3B0-FD2E-482E-A364-2BBA0603065E}.AppStore|Any CPU.ActiveCfg = Release|Any CPU
		{5C4CD3B0-FD2E-482E-A364-2BBA0603065E}.AppStore|Any CPU.Build.0 = Release|Any CPU
		{5C4CD3B0-FD2E-482E-A364-2BBA0603065E}.AppStore|ARM.ActiveCfg = Release|ARM
		{5C4CD3B0-FD2E-482E-A364-2BBA0603065E}.AppStore|ARM.Build.0 = Release|ARM
		{5C4CD3B0-FD2E-482E-A364-2BBA0603065E}.AppStore|iPhone.ActiveCfg = Release|Any CPU
		{5C4CD3B0-FD2E-482E-A364-2BBA0603065E}.AppStore|iPhone.Build.0 = Release|Any CPU
		{5C4CD3B0-FD2E-482E-A364-2BBA0603065E}.AppStore|iPhoneSimulator.ActiveCfg = Release|Any CPU
		{5C4CD3B0-FD2E-482E-A364-2BBA0603065E}.AppStore|iPhoneSimulator.Build.0 = Release|Any CPU
		{5C4CD3B0-FD2E-482E-A364-2BBA0603065E}.AppStore|x64.ActiveCfg = Release|x64
		{5C4CD3B0-FD2E-482E-A364-2BBA0603065E}.AppStore|x64.Build.0 = Release|x64
		{5C4CD3B0-FD2E-482E-A364-2BBA0603065E}.AppStore|x86.ActiveCfg = Release|x86
		{5C4CD3B0-FD2E-482E-A364-2BBA0603065E}.AppStore|x86.Build.0 = Release|x86
		{5C4CD3B0-FD2E-482E-A364-2BBA0603065E}.Debug|Any CPU.ActiveCfg = Debug|Any CPU
		{5C4CD3B0-FD2E-482E-A364-2BBA0603065E}.Debug|Any CPU.Build.0 = Debug|Any CPU
		{5C4CD3B0-FD2E-482E-A364-2BBA0603065E}.Debug|ARM.ActiveCfg = Debug|ARM
		{5C4CD3B0-FD2E-482E-A364-2BBA0603065E}.Debug|ARM.Build.0 = Debug|ARM
		{5C4CD3B0-FD2E-482E-A364-2BBA0603065E}.Debug|iPhone.ActiveCfg = Debug|Any CPU
		{5C4CD3B0-FD2E-482E-A364-2BBA0603065E}.Debug|iPhone.Build.0 = Debug|Any CPU
		{5C4CD3B0-FD2E-482E-A364-2BBA0603065E}.Debug|iPhoneSimulator.ActiveCfg = Debug|Any CPU
		{5C4CD3B0-FD2E-482E-A364-2BBA0603065E}.Debug|iPhoneSimulator.Build.0 = Debug|Any CPU
		{5C4CD3B0-FD2E-482E-A364-2BBA0603065E}.Debug|x64.ActiveCfg = Debug|x64
		{5C4CD3B0-FD2E-482E-A364-2BBA0603065E}.Debug|x64.Build.0 = Debug|x64
		{5C4CD3B0-FD2E-482E-A364-2BBA0603065E}.Debug|x86.ActiveCfg = Debug|x86
		{5C4CD3B0-FD2E-482E-A364-2BBA0603065E}.Debug|x86.Build.0 = Debug|x86
		{5C4CD3B0-FD2E-482E-A364-2BBA0603065E}.Release|Any CPU.ActiveCfg = Release|Any CPU
		{5C4CD3B0-FD2E-482E-A364-2BBA0603065E}.Release|Any CPU.Build.0 = Release|Any CPU
		{5C4CD3B0-FD2E-482E-A364-2BBA0603065E}.Release|ARM.ActiveCfg = Release|ARM
		{5C4CD3B0-FD2E-482E-A364-2BBA0603065E}.Release|ARM.Build.0 = Release|ARM
		{5C4CD3B0-FD2E-482E-A364-2BBA0603065E}.Release|iPhone.ActiveCfg = Release|Any CPU
		{5C4CD3B0-FD2E-482E-A364-2BBA0603065E}.Release|iPhone.Build.0 = Release|Any CPU
		{5C4CD3B0-FD2E-482E-A364-2BBA0603065E}.Release|iPhoneSimulator.ActiveCfg = Release|Any CPU
		{5C4CD3B0-FD2E-482E-A364-2BBA0603065E}.Release|iPhoneSimulator.Build.0 = Release|Any CPU
		{5C4CD3B0-FD2E-482E-A364-2BBA0603065E}.Release|x64.ActiveCfg = Release|x64
		{5C4CD3B0-FD2E-482E-A364-2BBA0603065E}.Release|x64.Build.0 = Release|x64
		{5C4CD3B0-FD2E-482E-A364-2BBA0603065E}.Release|x86.ActiveCfg = Release|x86
		{5C4CD3B0-FD2E-482E-A364-2BBA0603065E}.Release|x86.Build.0 = Release|x86
		{B8136096-744A-4B07-A860-77EF1631333F}.Ad-Hoc|Any CPU.ActiveCfg = Release|Any CPU
		{B8136096-744A-4B07-A860-77EF1631333F}.Ad-Hoc|Any CPU.Build.0 = Release|Any CPU
		{B8136096-744A-4B07-A860-77EF1631333F}.Ad-Hoc|ARM.ActiveCfg = Release|Any CPU
		{B8136096-744A-4B07-A860-77EF1631333F}.Ad-Hoc|ARM.Build.0 = Release|Any CPU
		{B8136096-744A-4B07-A860-77EF1631333F}.Ad-Hoc|iPhone.ActiveCfg = Release|Any CPU
		{B8136096-744A-4B07-A860-77EF1631333F}.Ad-Hoc|iPhone.Build.0 = Release|Any CPU
		{B8136096-744A-4B07-A860-77EF1631333F}.Ad-Hoc|iPhoneSimulator.ActiveCfg = Release|Any CPU
		{B8136096-744A-4B07-A860-77EF1631333F}.Ad-Hoc|iPhoneSimulator.Build.0 = Release|Any CPU
		{B8136096-744A-4B07-A860-77EF1631333F}.Ad-Hoc|x64.ActiveCfg = Release|Any CPU
		{B8136096-744A-4B07-A860-77EF1631333F}.Ad-Hoc|x64.Build.0 = Release|Any CPU
		{B8136096-744A-4B07-A860-77EF1631333F}.Ad-Hoc|x86.ActiveCfg = Release|Any CPU
		{B8136096-744A-4B07-A860-77EF1631333F}.Ad-Hoc|x86.Build.0 = Release|Any CPU
		{B8136096-744A-4B07-A860-77EF1631333F}.AndroidDebug|Any CPU.ActiveCfg = AndroidDebug|Any CPU
		{B8136096-744A-4B07-A860-77EF1631333F}.AndroidDebug|Any CPU.Build.0 = AndroidDebug|Any CPU
		{B8136096-744A-4B07-A860-77EF1631333F}.AndroidDebug|ARM.ActiveCfg = AndroidDebug|Any CPU
		{B8136096-744A-4B07-A860-77EF1631333F}.AndroidDebug|ARM.Build.0 = AndroidDebug|Any CPU
		{B8136096-744A-4B07-A860-77EF1631333F}.AndroidDebug|iPhone.ActiveCfg = AndroidDebug|Any CPU
		{B8136096-744A-4B07-A860-77EF1631333F}.AndroidDebug|iPhone.Build.0 = AndroidDebug|Any CPU
		{B8136096-744A-4B07-A860-77EF1631333F}.AndroidDebug|iPhoneSimulator.ActiveCfg = AndroidDebug|Any CPU
		{B8136096-744A-4B07-A860-77EF1631333F}.AndroidDebug|iPhoneSimulator.Build.0 = AndroidDebug|Any CPU
		{B8136096-744A-4B07-A860-77EF1631333F}.AndroidDebug|x64.ActiveCfg = AndroidDebug|Any CPU
		{B8136096-744A-4B07-A860-77EF1631333F}.AndroidDebug|x64.Build.0 = AndroidDebug|Any CPU
		{B8136096-744A-4B07-A860-77EF1631333F}.AndroidDebug|x86.ActiveCfg = AndroidDebug|Any CPU
		{B8136096-744A-4B07-A860-77EF1631333F}.AndroidDebug|x86.Build.0 = AndroidDebug|Any CPU
		{B8136096-744A-4B07-A860-77EF1631333F}.AppStore|Any CPU.ActiveCfg = Release|Any CPU
		{B8136096-744A-4B07-A860-77EF1631333F}.AppStore|Any CPU.Build.0 = Release|Any CPU
		{B8136096-744A-4B07-A860-77EF1631333F}.AppStore|ARM.ActiveCfg = Release|Any CPU
		{B8136096-744A-4B07-A860-77EF1631333F}.AppStore|ARM.Build.0 = Release|Any CPU
		{B8136096-744A-4B07-A860-77EF1631333F}.AppStore|iPhone.ActiveCfg = Release|Any CPU
		{B8136096-744A-4B07-A860-77EF1631333F}.AppStore|iPhone.Build.0 = Release|Any CPU
		{B8136096-744A-4B07-A860-77EF1631333F}.AppStore|iPhoneSimulator.ActiveCfg = Release|Any CPU
		{B8136096-744A-4B07-A860-77EF1631333F}.AppStore|iPhoneSimulator.Build.0 = Release|Any CPU
		{B8136096-744A-4B07-A860-77EF1631333F}.AppStore|x64.ActiveCfg = Release|Any CPU
		{B8136096-744A-4B07-A860-77EF1631333F}.AppStore|x64.Build.0 = Release|Any CPU
		{B8136096-744A-4B07-A860-77EF1631333F}.AppStore|x86.ActiveCfg = Release|Any CPU
		{B8136096-744A-4B07-A860-77EF1631333F}.AppStore|x86.Build.0 = Release|Any CPU
		{B8136096-744A-4B07-A860-77EF1631333F}.Debug|Any CPU.ActiveCfg = Debug|Any CPU
		{B8136096-744A-4B07-A860-77EF1631333F}.Debug|Any CPU.Build.0 = Debug|Any CPU
		{B8136096-744A-4B07-A860-77EF1631333F}.Debug|ARM.ActiveCfg = Debug|Any CPU
		{B8136096-744A-4B07-A860-77EF1631333F}.Debug|ARM.Build.0 = Debug|Any CPU
		{B8136096-744A-4B07-A860-77EF1631333F}.Debug|iPhone.ActiveCfg = Debug|Any CPU
		{B8136096-744A-4B07-A860-77EF1631333F}.Debug|iPhone.Build.0 = Debug|Any CPU
		{B8136096-744A-4B07-A860-77EF1631333F}.Debug|iPhoneSimulator.ActiveCfg = Debug|Any CPU
		{B8136096-744A-4B07-A860-77EF1631333F}.Debug|iPhoneSimulator.Build.0 = Debug|Any CPU
		{B8136096-744A-4B07-A860-77EF1631333F}.Debug|x64.ActiveCfg = Debug|Any CPU
		{B8136096-744A-4B07-A860-77EF1631333F}.Debug|x64.Build.0 = Debug|Any CPU
		{B8136096-744A-4B07-A860-77EF1631333F}.Debug|x86.ActiveCfg = Debug|Any CPU
		{B8136096-744A-4B07-A860-77EF1631333F}.Debug|x86.Build.0 = Debug|Any CPU
		{B8136096-744A-4B07-A860-77EF1631333F}.Release|Any CPU.ActiveCfg = Release|Any CPU
		{B8136096-744A-4B07-A860-77EF1631333F}.Release|Any CPU.Build.0 = Release|Any CPU
		{B8136096-744A-4B07-A860-77EF1631333F}.Release|ARM.ActiveCfg = Release|Any CPU
		{B8136096-744A-4B07-A860-77EF1631333F}.Release|ARM.Build.0 = Release|Any CPU
		{B8136096-744A-4B07-A860-77EF1631333F}.Release|iPhone.ActiveCfg = Release|Any CPU
		{B8136096-744A-4B07-A860-77EF1631333F}.Release|iPhone.Build.0 = Release|Any CPU
		{B8136096-744A-4B07-A860-77EF1631333F}.Release|iPhoneSimulator.ActiveCfg = Release|Any CPU
		{B8136096-744A-4B07-A860-77EF1631333F}.Release|iPhoneSimulator.Build.0 = Release|Any CPU
		{B8136096-744A-4B07-A860-77EF1631333F}.Release|x64.ActiveCfg = Release|Any CPU
		{B8136096-744A-4B07-A860-77EF1631333F}.Release|x64.Build.0 = Release|Any CPU
		{B8136096-744A-4B07-A860-77EF1631333F}.Release|x86.ActiveCfg = Release|Any CPU
		{B8136096-744A-4B07-A860-77EF1631333F}.Release|x86.Build.0 = Release|Any CPU
		{A64567BC-548A-4CB7-9F2C-ECE75EE1A868}.Ad-Hoc|Any CPU.ActiveCfg = Release|Any CPU
		{A64567BC-548A-4CB7-9F2C-ECE75EE1A868}.Ad-Hoc|Any CPU.Build.0 = Release|Any CPU
		{A64567BC-548A-4CB7-9F2C-ECE75EE1A868}.Ad-Hoc|ARM.ActiveCfg = Release|Any CPU
		{A64567BC-548A-4CB7-9F2C-ECE75EE1A868}.Ad-Hoc|ARM.Build.0 = Release|Any CPU
		{A64567BC-548A-4CB7-9F2C-ECE75EE1A868}.Ad-Hoc|iPhone.ActiveCfg = Release|Any CPU
		{A64567BC-548A-4CB7-9F2C-ECE75EE1A868}.Ad-Hoc|iPhone.Build.0 = Release|Any CPU
		{A64567BC-548A-4CB7-9F2C-ECE75EE1A868}.Ad-Hoc|iPhoneSimulator.ActiveCfg = Release|Any CPU
		{A64567BC-548A-4CB7-9F2C-ECE75EE1A868}.Ad-Hoc|iPhoneSimulator.Build.0 = Release|Any CPU
		{A64567BC-548A-4CB7-9F2C-ECE75EE1A868}.Ad-Hoc|x64.ActiveCfg = Release|Any CPU
		{A64567BC-548A-4CB7-9F2C-ECE75EE1A868}.Ad-Hoc|x64.Build.0 = Release|Any CPU
		{A64567BC-548A-4CB7-9F2C-ECE75EE1A868}.Ad-Hoc|x86.ActiveCfg = Release|Any CPU
		{A64567BC-548A-4CB7-9F2C-ECE75EE1A868}.Ad-Hoc|x86.Build.0 = Release|Any CPU
		{A64567BC-548A-4CB7-9F2C-ECE75EE1A868}.AndroidDebug|Any CPU.ActiveCfg = AndroidDebug|Any CPU
		{A64567BC-548A-4CB7-9F2C-ECE75EE1A868}.AndroidDebug|Any CPU.Build.0 = AndroidDebug|Any CPU
		{A64567BC-548A-4CB7-9F2C-ECE75EE1A868}.AndroidDebug|ARM.ActiveCfg = AndroidDebug|Any CPU
		{A64567BC-548A-4CB7-9F2C-ECE75EE1A868}.AndroidDebug|ARM.Build.0 = AndroidDebug|Any CPU
		{A64567BC-548A-4CB7-9F2C-ECE75EE1A868}.AndroidDebug|iPhone.ActiveCfg = AndroidDebug|Any CPU
		{A64567BC-548A-4CB7-9F2C-ECE75EE1A868}.AndroidDebug|iPhone.Build.0 = AndroidDebug|Any CPU
		{A64567BC-548A-4CB7-9F2C-ECE75EE1A868}.AndroidDebug|iPhoneSimulator.ActiveCfg = AndroidDebug|Any CPU
		{A64567BC-548A-4CB7-9F2C-ECE75EE1A868}.AndroidDebug|iPhoneSimulator.Build.0 = AndroidDebug|Any CPU
		{A64567BC-548A-4CB7-9F2C-ECE75EE1A868}.AndroidDebug|x64.ActiveCfg = AndroidDebug|Any CPU
		{A64567BC-548A-4CB7-9F2C-ECE75EE1A868}.AndroidDebug|x64.Build.0 = AndroidDebug|Any CPU
		{A64567BC-548A-4CB7-9F2C-ECE75EE1A868}.AndroidDebug|x86.ActiveCfg = AndroidDebug|Any CPU
		{A64567BC-548A-4CB7-9F2C-ECE75EE1A868}.AndroidDebug|x86.Build.0 = AndroidDebug|Any CPU
		{A64567BC-548A-4CB7-9F2C-ECE75EE1A868}.AppStore|Any CPU.ActiveCfg = Release|Any CPU
		{A64567BC-548A-4CB7-9F2C-ECE75EE1A868}.AppStore|Any CPU.Build.0 = Release|Any CPU
		{A64567BC-548A-4CB7-9F2C-ECE75EE1A868}.AppStore|ARM.ActiveCfg = Release|Any CPU
		{A64567BC-548A-4CB7-9F2C-ECE75EE1A868}.AppStore|ARM.Build.0 = Release|Any CPU
		{A64567BC-548A-4CB7-9F2C-ECE75EE1A868}.AppStore|iPhone.ActiveCfg = Release|Any CPU
		{A64567BC-548A-4CB7-9F2C-ECE75EE1A868}.AppStore|iPhone.Build.0 = Release|Any CPU
		{A64567BC-548A-4CB7-9F2C-ECE75EE1A868}.AppStore|iPhoneSimulator.ActiveCfg = Release|Any CPU
		{A64567BC-548A-4CB7-9F2C-ECE75EE1A868}.AppStore|iPhoneSimulator.Build.0 = Release|Any CPU
		{A64567BC-548A-4CB7-9F2C-ECE75EE1A868}.AppStore|x64.ActiveCfg = Release|Any CPU
		{A64567BC-548A-4CB7-9F2C-ECE75EE1A868}.AppStore|x64.Build.0 = Release|Any CPU
		{A64567BC-548A-4CB7-9F2C-ECE75EE1A868}.AppStore|x86.ActiveCfg = Release|Any CPU
		{A64567BC-548A-4CB7-9F2C-ECE75EE1A868}.AppStore|x86.Build.0 = Release|Any CPU
		{A64567BC-548A-4CB7-9F2C-ECE75EE1A868}.Debug|Any CPU.ActiveCfg = Debug|Any CPU
		{A64567BC-548A-4CB7-9F2C-ECE75EE1A868}.Debug|Any CPU.Build.0 = Debug|Any CPU
		{A64567BC-548A-4CB7-9F2C-ECE75EE1A868}.Debug|ARM.ActiveCfg = Debug|Any CPU
		{A64567BC-548A-4CB7-9F2C-ECE75EE1A868}.Debug|ARM.Build.0 = Debug|Any CPU
		{A64567BC-548A-4CB7-9F2C-ECE75EE1A868}.Debug|iPhone.ActiveCfg = Debug|Any CPU
		{A64567BC-548A-4CB7-9F2C-ECE75EE1A868}.Debug|iPhone.Build.0 = Debug|Any CPU
		{A64567BC-548A-4CB7-9F2C-ECE75EE1A868}.Debug|iPhoneSimulator.ActiveCfg = Debug|Any CPU
		{A64567BC-548A-4CB7-9F2C-ECE75EE1A868}.Debug|iPhoneSimulator.Build.0 = Debug|Any CPU
		{A64567BC-548A-4CB7-9F2C-ECE75EE1A868}.Debug|x64.ActiveCfg = Debug|Any CPU
		{A64567BC-548A-4CB7-9F2C-ECE75EE1A868}.Debug|x64.Build.0 = Debug|Any CPU
		{A64567BC-548A-4CB7-9F2C-ECE75EE1A868}.Debug|x86.ActiveCfg = Debug|Any CPU
		{A64567BC-548A-4CB7-9F2C-ECE75EE1A868}.Debug|x86.Build.0 = Debug|Any CPU
		{A64567BC-548A-4CB7-9F2C-ECE75EE1A868}.Release|Any CPU.ActiveCfg = Release|Any CPU
		{A64567BC-548A-4CB7-9F2C-ECE75EE1A868}.Release|Any CPU.Build.0 = Release|Any CPU
		{A64567BC-548A-4CB7-9F2C-ECE75EE1A868}.Release|ARM.ActiveCfg = Release|Any CPU
		{A64567BC-548A-4CB7-9F2C-ECE75EE1A868}.Release|ARM.Build.0 = Release|Any CPU
		{A64567BC-548A-4CB7-9F2C-ECE75EE1A868}.Release|iPhone.ActiveCfg = Release|Any CPU
		{A64567BC-548A-4CB7-9F2C-ECE75EE1A868}.Release|iPhone.Build.0 = Release|Any CPU
		{A64567BC-548A-4CB7-9F2C-ECE75EE1A868}.Release|iPhoneSimulator.ActiveCfg = Release|Any CPU
		{A64567BC-548A-4CB7-9F2C-ECE75EE1A868}.Release|iPhoneSimulator.Build.0 = Release|Any CPU
		{A64567BC-548A-4CB7-9F2C-ECE75EE1A868}.Release|x64.ActiveCfg = Release|Any CPU
		{A64567BC-548A-4CB7-9F2C-ECE75EE1A868}.Release|x64.Build.0 = Release|Any CPU
		{A64567BC-548A-4CB7-9F2C-ECE75EE1A868}.Release|x86.ActiveCfg = Release|Any CPU
		{A64567BC-548A-4CB7-9F2C-ECE75EE1A868}.Release|x86.Build.0 = Release|Any CPU
		{71414AFC-4101-401D-83B4-CD39FD1539DB}.Ad-Hoc|Any CPU.ActiveCfg = Debug|Any CPU
		{71414AFC-4101-401D-83B4-CD39FD1539DB}.Ad-Hoc|Any CPU.Build.0 = Debug|Any CPU
		{71414AFC-4101-401D-83B4-CD39FD1539DB}.Ad-Hoc|ARM.ActiveCfg = Debug|Any CPU
		{71414AFC-4101-401D-83B4-CD39FD1539DB}.Ad-Hoc|ARM.Build.0 = Debug|Any CPU
		{71414AFC-4101-401D-83B4-CD39FD1539DB}.Ad-Hoc|iPhone.ActiveCfg = Debug|Any CPU
		{71414AFC-4101-401D-83B4-CD39FD1539DB}.Ad-Hoc|iPhone.Build.0 = Debug|Any CPU
		{71414AFC-4101-401D-83B4-CD39FD1539DB}.Ad-Hoc|iPhoneSimulator.ActiveCfg = Debug|Any CPU
		{71414AFC-4101-401D-83B4-CD39FD1539DB}.Ad-Hoc|iPhoneSimulator.Build.0 = Debug|Any CPU
		{71414AFC-4101-401D-83B4-CD39FD1539DB}.Ad-Hoc|x64.ActiveCfg = Debug|Any CPU
		{71414AFC-4101-401D-83B4-CD39FD1539DB}.Ad-Hoc|x64.Build.0 = Debug|Any CPU
		{71414AFC-4101-401D-83B4-CD39FD1539DB}.Ad-Hoc|x86.ActiveCfg = Debug|Any CPU
		{71414AFC-4101-401D-83B4-CD39FD1539DB}.Ad-Hoc|x86.Build.0 = Debug|Any CPU
		{71414AFC-4101-401D-83B4-CD39FD1539DB}.AndroidDebug|Any CPU.ActiveCfg = Debug|Any CPU
		{71414AFC-4101-401D-83B4-CD39FD1539DB}.AndroidDebug|Any CPU.Build.0 = Debug|Any CPU
		{71414AFC-4101-401D-83B4-CD39FD1539DB}.AndroidDebug|ARM.ActiveCfg = Debug|Any CPU
		{71414AFC-4101-401D-83B4-CD39FD1539DB}.AndroidDebug|ARM.Build.0 = Debug|Any CPU
		{71414AFC-4101-401D-83B4-CD39FD1539DB}.AndroidDebug|iPhone.ActiveCfg = Debug|Any CPU
		{71414AFC-4101-401D-83B4-CD39FD1539DB}.AndroidDebug|iPhone.Build.0 = Debug|Any CPU
		{71414AFC-4101-401D-83B4-CD39FD1539DB}.AndroidDebug|iPhoneSimulator.ActiveCfg = Debug|Any CPU
		{71414AFC-4101-401D-83B4-CD39FD1539DB}.AndroidDebug|iPhoneSimulator.Build.0 = Debug|Any CPU
		{71414AFC-4101-401D-83B4-CD39FD1539DB}.AndroidDebug|x64.ActiveCfg = Debug|Any CPU
		{71414AFC-4101-401D-83B4-CD39FD1539DB}.AndroidDebug|x64.Build.0 = Debug|Any CPU
		{71414AFC-4101-401D-83B4-CD39FD1539DB}.AndroidDebug|x86.ActiveCfg = Debug|Any CPU
		{71414AFC-4101-401D-83B4-CD39FD1539DB}.AndroidDebug|x86.Build.0 = Debug|Any CPU
		{71414AFC-4101-401D-83B4-CD39FD1539DB}.AppStore|Any CPU.ActiveCfg = Debug|Any CPU
		{71414AFC-4101-401D-83B4-CD39FD1539DB}.AppStore|Any CPU.Build.0 = Debug|Any CPU
		{71414AFC-4101-401D-83B4-CD39FD1539DB}.AppStore|ARM.ActiveCfg = Debug|Any CPU
		{71414AFC-4101-401D-83B4-CD39FD1539DB}.AppStore|ARM.Build.0 = Debug|Any CPU
		{71414AFC-4101-401D-83B4-CD39FD1539DB}.AppStore|iPhone.ActiveCfg = Debug|Any CPU
		{71414AFC-4101-401D-83B4-CD39FD1539DB}.AppStore|iPhone.Build.0 = Debug|Any CPU
		{71414AFC-4101-401D-83B4-CD39FD1539DB}.AppStore|iPhoneSimulator.ActiveCfg = Debug|Any CPU
		{71414AFC-4101-401D-83B4-CD39FD1539DB}.AppStore|iPhoneSimulator.Build.0 = Debug|Any CPU
		{71414AFC-4101-401D-83B4-CD39FD1539DB}.AppStore|x64.ActiveCfg = Debug|Any CPU
		{71414AFC-4101-401D-83B4-CD39FD1539DB}.AppStore|x64.Build.0 = Debug|Any CPU
		{71414AFC-4101-401D-83B4-CD39FD1539DB}.AppStore|x86.ActiveCfg = Debug|Any CPU
		{71414AFC-4101-401D-83B4-CD39FD1539DB}.AppStore|x86.Build.0 = Debug|Any CPU
		{71414AFC-4101-401D-83B4-CD39FD1539DB}.Debug|Any CPU.ActiveCfg = Debug|Any CPU
		{71414AFC-4101-401D-83B4-CD39FD1539DB}.Debug|Any CPU.Build.0 = Debug|Any CPU
		{71414AFC-4101-401D-83B4-CD39FD1539DB}.Debug|ARM.ActiveCfg = Debug|Any CPU
		{71414AFC-4101-401D-83B4-CD39FD1539DB}.Debug|ARM.Build.0 = Debug|Any CPU
		{71414AFC-4101-401D-83B4-CD39FD1539DB}.Debug|iPhone.ActiveCfg = Debug|Any CPU
		{71414AFC-4101-401D-83B4-CD39FD1539DB}.Debug|iPhone.Build.0 = Debug|Any CPU
		{71414AFC-4101-401D-83B4-CD39FD1539DB}.Debug|iPhoneSimulator.ActiveCfg = Debug|Any CPU
		{71414AFC-4101-401D-83B4-CD39FD1539DB}.Debug|iPhoneSimulator.Build.0 = Debug|Any CPU
		{71414AFC-4101-401D-83B4-CD39FD1539DB}.Debug|x64.ActiveCfg = Debug|Any CPU
		{71414AFC-4101-401D-83B4-CD39FD1539DB}.Debug|x64.Build.0 = Debug|Any CPU
		{71414AFC-4101-401D-83B4-CD39FD1539DB}.Debug|x86.ActiveCfg = Debug|Any CPU
		{71414AFC-4101-401D-83B4-CD39FD1539DB}.Debug|x86.Build.0 = Debug|Any CPU
		{71414AFC-4101-401D-83B4-CD39FD1539DB}.Release|Any CPU.ActiveCfg = Release|Any CPU
		{71414AFC-4101-401D-83B4-CD39FD1539DB}.Release|Any CPU.Build.0 = Release|Any CPU
		{71414AFC-4101-401D-83B4-CD39FD1539DB}.Release|ARM.ActiveCfg = Release|Any CPU
		{71414AFC-4101-401D-83B4-CD39FD1539DB}.Release|ARM.Build.0 = Release|Any CPU
		{71414AFC-4101-401D-83B4-CD39FD1539DB}.Release|iPhone.ActiveCfg = Release|Any CPU
		{71414AFC-4101-401D-83B4-CD39FD1539DB}.Release|iPhone.Build.0 = Release|Any CPU
		{71414AFC-4101-401D-83B4-CD39FD1539DB}.Release|iPhoneSimulator.ActiveCfg = Release|Any CPU
		{71414AFC-4101-401D-83B4-CD39FD1539DB}.Release|iPhoneSimulator.Build.0 = Release|Any CPU
		{71414AFC-4101-401D-83B4-CD39FD1539DB}.Release|x64.ActiveCfg = Release|Any CPU
		{71414AFC-4101-401D-83B4-CD39FD1539DB}.Release|x64.Build.0 = Release|Any CPU
		{71414AFC-4101-401D-83B4-CD39FD1539DB}.Release|x86.ActiveCfg = Release|Any CPU
		{71414AFC-4101-401D-83B4-CD39FD1539DB}.Release|x86.Build.0 = Release|Any CPU
		{684C7DAB-78FA-4C06-92EB-84BB7D2E9F53}.Ad-Hoc|Any CPU.ActiveCfg = Debug|Any CPU
		{684C7DAB-78FA-4C06-92EB-84BB7D2E9F53}.Ad-Hoc|Any CPU.Build.0 = Debug|Any CPU
		{684C7DAB-78FA-4C06-92EB-84BB7D2E9F53}.Ad-Hoc|ARM.ActiveCfg = Debug|Any CPU
		{684C7DAB-78FA-4C06-92EB-84BB7D2E9F53}.Ad-Hoc|ARM.Build.0 = Debug|Any CPU
		{684C7DAB-78FA-4C06-92EB-84BB7D2E9F53}.Ad-Hoc|iPhone.ActiveCfg = Debug|Any CPU
		{684C7DAB-78FA-4C06-92EB-84BB7D2E9F53}.Ad-Hoc|iPhone.Build.0 = Debug|Any CPU
		{684C7DAB-78FA-4C06-92EB-84BB7D2E9F53}.Ad-Hoc|iPhoneSimulator.ActiveCfg = Debug|Any CPU
		{684C7DAB-78FA-4C06-92EB-84BB7D2E9F53}.Ad-Hoc|iPhoneSimulator.Build.0 = Debug|Any CPU
		{684C7DAB-78FA-4C06-92EB-84BB7D2E9F53}.Ad-Hoc|x64.ActiveCfg = Debug|Any CPU
		{684C7DAB-78FA-4C06-92EB-84BB7D2E9F53}.Ad-Hoc|x64.Build.0 = Debug|Any CPU
		{684C7DAB-78FA-4C06-92EB-84BB7D2E9F53}.Ad-Hoc|x86.ActiveCfg = Debug|Any CPU
		{684C7DAB-78FA-4C06-92EB-84BB7D2E9F53}.Ad-Hoc|x86.Build.0 = Debug|Any CPU
		{684C7DAB-78FA-4C06-92EB-84BB7D2E9F53}.AndroidDebug|Any CPU.ActiveCfg = Debug|Any CPU
		{684C7DAB-78FA-4C06-92EB-84BB7D2E9F53}.AndroidDebug|Any CPU.Build.0 = Debug|Any CPU
		{684C7DAB-78FA-4C06-92EB-84BB7D2E9F53}.AndroidDebug|ARM.ActiveCfg = Debug|Any CPU
		{684C7DAB-78FA-4C06-92EB-84BB7D2E9F53}.AndroidDebug|ARM.Build.0 = Debug|Any CPU
		{684C7DAB-78FA-4C06-92EB-84BB7D2E9F53}.AndroidDebug|iPhone.ActiveCfg = Debug|Any CPU
		{684C7DAB-78FA-4C06-92EB-84BB7D2E9F53}.AndroidDebug|iPhone.Build.0 = Debug|Any CPU
		{684C7DAB-78FA-4C06-92EB-84BB7D2E9F53}.AndroidDebug|iPhoneSimulator.ActiveCfg = Debug|Any CPU
		{684C7DAB-78FA-4C06-92EB-84BB7D2E9F53}.AndroidDebug|iPhoneSimulator.Build.0 = Debug|Any CPU
		{684C7DAB-78FA-4C06-92EB-84BB7D2E9F53}.AndroidDebug|x64.ActiveCfg = Debug|Any CPU
		{684C7DAB-78FA-4C06-92EB-84BB7D2E9F53}.AndroidDebug|x64.Build.0 = Debug|Any CPU
		{684C7DAB-78FA-4C06-92EB-84BB7D2E9F53}.AndroidDebug|x86.ActiveCfg = Debug|Any CPU
		{684C7DAB-78FA-4C06-92EB-84BB7D2E9F53}.AndroidDebug|x86.Build.0 = Debug|Any CPU
		{684C7DAB-78FA-4C06-92EB-84BB7D2E9F53}.AppStore|Any CPU.ActiveCfg = Debug|Any CPU
		{684C7DAB-78FA-4C06-92EB-84BB7D2E9F53}.AppStore|Any CPU.Build.0 = Debug|Any CPU
		{684C7DAB-78FA-4C06-92EB-84BB7D2E9F53}.AppStore|ARM.ActiveCfg = Debug|Any CPU
		{684C7DAB-78FA-4C06-92EB-84BB7D2E9F53}.AppStore|ARM.Build.0 = Debug|Any CPU
		{684C7DAB-78FA-4C06-92EB-84BB7D2E9F53}.AppStore|iPhone.ActiveCfg = Debug|Any CPU
		{684C7DAB-78FA-4C06-92EB-84BB7D2E9F53}.AppStore|iPhone.Build.0 = Debug|Any CPU
		{684C7DAB-78FA-4C06-92EB-84BB7D2E9F53}.AppStore|iPhoneSimulator.ActiveCfg = Debug|Any CPU
		{684C7DAB-78FA-4C06-92EB-84BB7D2E9F53}.AppStore|iPhoneSimulator.Build.0 = Debug|Any CPU
		{684C7DAB-78FA-4C06-92EB-84BB7D2E9F53}.AppStore|x64.ActiveCfg = Debug|Any CPU
		{684C7DAB-78FA-4C06-92EB-84BB7D2E9F53}.AppStore|x64.Build.0 = Debug|Any CPU
		{684C7DAB-78FA-4C06-92EB-84BB7D2E9F53}.AppStore|x86.ActiveCfg = Debug|Any CPU
		{684C7DAB-78FA-4C06-92EB-84BB7D2E9F53}.AppStore|x86.Build.0 = Debug|Any CPU
		{684C7DAB-78FA-4C06-92EB-84BB7D2E9F53}.Debug|Any CPU.ActiveCfg = Debug|Any CPU
		{684C7DAB-78FA-4C06-92EB-84BB7D2E9F53}.Debug|Any CPU.Build.0 = Debug|Any CPU
		{684C7DAB-78FA-4C06-92EB-84BB7D2E9F53}.Debug|ARM.ActiveCfg = Debug|Any CPU
		{684C7DAB-78FA-4C06-92EB-84BB7D2E9F53}.Debug|ARM.Build.0 = Debug|Any CPU
		{684C7DAB-78FA-4C06-92EB-84BB7D2E9F53}.Debug|iPhone.ActiveCfg = Debug|Any CPU
		{684C7DAB-78FA-4C06-92EB-84BB7D2E9F53}.Debug|iPhone.Build.0 = Debug|Any CPU
		{684C7DAB-78FA-4C06-92EB-84BB7D2E9F53}.Debug|iPhoneSimulator.ActiveCfg = Debug|Any CPU
		{684C7DAB-78FA-4C06-92EB-84BB7D2E9F53}.Debug|iPhoneSimulator.Build.0 = Debug|Any CPU
		{684C7DAB-78FA-4C06-92EB-84BB7D2E9F53}.Debug|x64.ActiveCfg = Debug|Any CPU
		{684C7DAB-78FA-4C06-92EB-84BB7D2E9F53}.Debug|x64.Build.0 = Debug|Any CPU
		{684C7DAB-78FA-4C06-92EB-84BB7D2E9F53}.Debug|x86.ActiveCfg = Debug|Any CPU
		{684C7DAB-78FA-4C06-92EB-84BB7D2E9F53}.Debug|x86.Build.0 = Debug|Any CPU
		{684C7DAB-78FA-4C06-92EB-84BB7D2E9F53}.Release|Any CPU.ActiveCfg = Release|Any CPU
		{684C7DAB-78FA-4C06-92EB-84BB7D2E9F53}.Release|Any CPU.Build.0 = Release|Any CPU
		{684C7DAB-78FA-4C06-92EB-84BB7D2E9F53}.Release|ARM.ActiveCfg = Release|Any CPU
		{684C7DAB-78FA-4C06-92EB-84BB7D2E9F53}.Release|ARM.Build.0 = Release|Any CPU
		{684C7DAB-78FA-4C06-92EB-84BB7D2E9F53}.Release|iPhone.ActiveCfg = Release|Any CPU
		{684C7DAB-78FA-4C06-92EB-84BB7D2E9F53}.Release|iPhone.Build.0 = Release|Any CPU
		{684C7DAB-78FA-4C06-92EB-84BB7D2E9F53}.Release|iPhoneSimulator.ActiveCfg = Release|Any CPU
		{684C7DAB-78FA-4C06-92EB-84BB7D2E9F53}.Release|iPhoneSimulator.Build.0 = Release|Any CPU
		{684C7DAB-78FA-4C06-92EB-84BB7D2E9F53}.Release|x64.ActiveCfg = Release|Any CPU
		{684C7DAB-78FA-4C06-92EB-84BB7D2E9F53}.Release|x64.Build.0 = Release|Any CPU
		{684C7DAB-78FA-4C06-92EB-84BB7D2E9F53}.Release|x86.ActiveCfg = Release|Any CPU
		{684C7DAB-78FA-4C06-92EB-84BB7D2E9F53}.Release|x86.Build.0 = Release|Any CPU
	EndGlobalSection
	GlobalSection(SolutionProperties) = preSolution
		HideSolutionNode = FALSE
	EndGlobalSection
	GlobalSection(ExtensibilityGlobals) = postSolution
		SolutionGuid = {99A1172C-EDF3-4093-AFFE-C4856CA06D8A}
	EndGlobalSection
EndGlobal
